// !$*UTF8*$!
{
	archiveVersion = 1;
	classes = {
	};
	objectVersion = 50;
	objects = {

/* Begin PBXBuildFile section */
		968C755521338A2200D6EBAA /* ios_ipfs_api.h in Headers */ = {isa = PBXBuildFile; fileRef = 968C755321338A2200D6EBAA /* ios_ipfs_api.h */; settings = {ATTRIBUTES = (Public, ); }; };
		968C768D21338BA300D6EBAA /* ArgumentsFilesWriteModel.swift in Sources */ = {isa = PBXBuildFile; fileRef = 968C762721338B8D00D6EBAA /* ArgumentsFilesWriteModel.swift */; };
		968C768E21338BA300D6EBAA /* ArgumentsResolveModel.swift in Sources */ = {isa = PBXBuildFile; fileRef = 968C762821338B8E00D6EBAA /* ArgumentsResolveModel.swift */; };
		968C768F21338BA300D6EBAA /* ResponseBitswapLedgerModel.swift in Sources */ = {isa = PBXBuildFile; fileRef = 968C762921338B8E00D6EBAA /* ResponseBitswapLedgerModel.swift */; };
		968C769021338BA300D6EBAA /* ArgumentsBlockRmModel.swift in Sources */ = {isa = PBXBuildFile; fileRef = 968C762A21338B8E00D6EBAA /* ArgumentsBlockRmModel.swift */; };
		968C769121338BA300D6EBAA /* ArgumentsFilesStatModel.swift in Sources */ = {isa = PBXBuildFile; fileRef = 968C762B21338B8E00D6EBAA /* ArgumentsFilesStatModel.swift */; };
		968C769221338BA300D6EBAA /* ArgumentsVersionModel.swift in Sources */ = {isa = PBXBuildFile; fileRef = 968C762C21338B8E00D6EBAA /* ArgumentsVersionModel.swift */; };
		968C769321338BA300D6EBAA /* AddressModel.swift in Sources */ = {isa = PBXBuildFile; fileRef = 968C762D21338B8E00D6EBAA /* AddressModel.swift */; };
		968C769421338BA300D6EBAA /* ArgumentsObjectDiffModel.swift in Sources */ = {isa = PBXBuildFile; fileRef = 968C762E21338B8E00D6EBAA /* ArgumentsObjectDiffModel.swift */; };
		968C769521338BA300D6EBAA /* DiffModel.swift in Sources */ = {isa = PBXBuildFile; fileRef = 968C762F21338B8E00D6EBAA /* DiffModel.swift */; };
		968C769621338BA300D6EBAA /* ArgumentsKeyRmModel.swift in Sources */ = {isa = PBXBuildFile; fileRef = 968C763021338B8F00D6EBAA /* ArgumentsKeyRmModel.swift */; };
		968C769721338BA300D6EBAA /* CommandOptionsModel.swift in Sources */ = {isa = PBXBuildFile; fileRef = 968C763121338B8F00D6EBAA /* CommandOptionsModel.swift */; };
		968C769821338BA300D6EBAA /* KeysModel.swift in Sources */ = {isa = PBXBuildFile; fileRef = 968C763221338B8F00D6EBAA /* KeysModel.swift */; };
		968C769921338BA300D6EBAA /* FileLsModel.swift in Sources */ = {isa = PBXBuildFile; fileRef = 968C763321338B8F00D6EBAA /* FileLsModel.swift */; };
		968C769A21338BA300D6EBAA /* PinStatusModel.swift in Sources */ = {isa = PBXBuildFile; fileRef = 968C763421338B8F00D6EBAA /* PinStatusModel.swift */; };
		968C769B21338BA300D6EBAA /* ArgumentsNamePublishModel.swift in Sources */ = {isa = PBXBuildFile; fileRef = 968C763521338B8F00D6EBAA /* ArgumentsNamePublishModel.swift */; };
		968C769C21338BA300D6EBAA /* PinnedObjectsModel.swift in Sources */ = {isa = PBXBuildFile; fileRef = 968C763621338B9000D6EBAA /* PinnedObjectsModel.swift */; };
		968C769D21338BA300D6EBAA /* IDInfoModel.swift in Sources */ = {isa = PBXBuildFile; fileRef = 968C763721338B9000D6EBAA /* IDInfoModel.swift */; };
		968C769E21338BA300D6EBAA /* ArgumentsP2pListenerOpenModel.swift in Sources */ = {isa = PBXBuildFile; fileRef = 968C763821338B9000D6EBAA /* ArgumentsP2pListenerOpenModel.swift */; };
		968C769F21338BA300D6EBAA /* StreamModel.swift in Sources */ = {isa = PBXBuildFile; fileRef = 968C763921338B9000D6EBAA /* StreamModel.swift */; };
		968C76A021338BA300D6EBAA /* MessageInfoModel.swift in Sources */ = {isa = PBXBuildFile; fileRef = 968C763A21338B9000D6EBAA /* MessageInfoModel.swift */; };
		968C76A121338BA300D6EBAA /* ResponsePinVerifyModel.swift in Sources */ = {isa = PBXBuildFile; fileRef = 968C763B21338B9000D6EBAA /* ResponsePinVerifyModel.swift */; };
		968C76A221338BA300D6EBAA /* ArgumentsDhtGetModel.swift in Sources */ = {isa = PBXBuildFile; fileRef = 968C763C21338B9100D6EBAA /* ArgumentsDhtGetModel.swift */; };
		968C76A321338BA300D6EBAA /* ArgumentsPingModel.swift in Sources */ = {isa = PBXBuildFile; fileRef = 968C763D21338B9100D6EBAA /* ArgumentsPingModel.swift */; };
		968C76A421338BA300D6EBAA /* ArgumentsPinAddModel.swift in Sources */ = {isa = PBXBuildFile; fileRef = 968C763E21338B9100D6EBAA /* ArgumentsPinAddModel.swift */; };
		968C76A521338BA300D6EBAA /* ArgumentsNameResolveModel.swift in Sources */ = {isa = PBXBuildFile; fileRef = 968C763F21338B9100D6EBAA /* ArgumentsNameResolveModel.swift */; };
		968C76A621338BA300D6EBAA /* ArgumentsLsModel.swift in Sources */ = {isa = PBXBuildFile; fileRef = 968C764021338B9100D6EBAA /* ArgumentsLsModel.swift */; };
		968C76A721338BA300D6EBAA /* ResponseRepoVerifyModel.swift in Sources */ = {isa = PBXBuildFile; fileRef = 968C764121338B9100D6EBAA /* ResponseRepoVerifyModel.swift */; };
		968C76A821338BA300D6EBAA /* PinsModel.swift in Sources */ = {isa = PBXBuildFile; fileRef = 968C764221338B9200D6EBAA /* PinsModel.swift */; };
		968C76A921338BA300D6EBAA /* ResponseSwarmPeersModel.swift in Sources */ = {isa = PBXBuildFile; fileRef = 968C764321338B9200D6EBAA /* ResponseSwarmPeersModel.swift */; };
		968C76AA21338BA300D6EBAA /* ArgumentsRepoGcModel.swift in Sources */ = {isa = PBXBuildFile; fileRef = 968C764421338B9200D6EBAA /* ArgumentsRepoGcModel.swift */; };
		968C76AB21338BA300D6EBAA /* ArgumentsDhtFindpeerModel.swift in Sources */ = {isa = PBXBuildFile; fileRef = 968C764521338B9200D6EBAA /* ArgumentsDhtFindpeerModel.swift */; };
		968C76AC21338BA300D6EBAA /* ArgumentsFilestoreLsModel.swift in Sources */ = {isa = PBXBuildFile; fileRef = 968C764621338B9200D6EBAA /* ArgumentsFilestoreLsModel.swift */; };
		968C76AD21338BA300D6EBAA /* ArgumentsPinLsModel.swift in Sources */ = {isa = PBXBuildFile; fileRef = 968C764721338B9300D6EBAA /* ArgumentsPinLsModel.swift */; };
		968C76AE21338BA300D6EBAA /* ResponsePingModel.swift in Sources */ = {isa = PBXBuildFile; fileRef = 968C764821338B9300D6EBAA /* ResponsePingModel.swift */; };
		968C76AF21338BA300D6EBAA /* ArgumentsLogLevelModel.swift in Sources */ = {isa = PBXBuildFile; fileRef = 968C764921338B9300D6EBAA /* ArgumentsLogLevelModel.swift */; };
		968C76B021338BA300D6EBAA /* ObjectStatModel.swift in Sources */ = {isa = PBXBuildFile; fileRef = 968C764A21338B9300D6EBAA /* ObjectStatModel.swift */; };
		968C76B121338BA300D6EBAA /* ArgumentsKeyGenModel.swift in Sources */ = {isa = PBXBuildFile; fileRef = 968C764B21338B9400D6EBAA /* ArgumentsKeyGenModel.swift */; };
		968C76B221338BA300D6EBAA /* EntriesModel.swift in Sources */ = {isa = PBXBuildFile; fileRef = 968C764C21338B9400D6EBAA /* EntriesModel.swift */; };
		968C76B321338BA300D6EBAA /* DiffsModel.swift in Sources */ = {isa = PBXBuildFile; fileRef = 968C764D21338B9400D6EBAA /* DiffsModel.swift */; };
		968C76B421338BA300D6EBAA /* ArgumentsIdModel.swift in Sources */ = {isa = PBXBuildFile; fileRef = 968C764E21338B9400D6EBAA /* ArgumentsIdModel.swift */; };
		968C76B521338BA300D6EBAA /* ArgumentsFilesRmModel.swift in Sources */ = {isa = PBXBuildFile; fileRef = 968C764F21338B9500D6EBAA /* ArgumentsFilesRmModel.swift */; };
		968C76B621338BA300D6EBAA /* ArgumentsObjectLinksModel.swift in Sources */ = {isa = PBXBuildFile; fileRef = 968C765021338B9500D6EBAA /* ArgumentsObjectLinksModel.swift */; };
		968C76B721338BA300D6EBAA /* ArgumentsDagPutModel.swift in Sources */ = {isa = PBXBuildFile; fileRef = 968C765121338B9500D6EBAA /* ArgumentsDagPutModel.swift */; };
		968C76B821338BA300D6EBAA /* ArgumentsGetModel.swift in Sources */ = {isa = PBXBuildFile; fileRef = 968C765221338B9500D6EBAA /* ArgumentsGetModel.swift */; };
		968C76B921338BA300D6EBAA /* ListenersModel.swift in Sources */ = {isa = PBXBuildFile; fileRef = 968C765321338B9600D6EBAA /* ListenersModel.swift */; };
		968C76BA21338BA300D6EBAA /* ArgumentsBlockPutModel.swift in Sources */ = {isa = PBXBuildFile; fileRef = 968C765421338B9600D6EBAA /* ArgumentsBlockPutModel.swift */; };
		968C76BB21338BA300D6EBAA /* Ipfs.swift in Sources */ = {isa = PBXBuildFile; fileRef = 968C765521338B9600D6EBAA /* Ipfs.swift */; };
		968C76BC21338BA300D6EBAA /* ArgumentsFilestoreVerifyModel.swift in Sources */ = {isa = PBXBuildFile; fileRef = 968C765621338B9600D6EBAA /* ArgumentsFilestoreVerifyModel.swift */; };
		968C76BD21338BA300D6EBAA /* ResponseBitswapStatModel.swift in Sources */ = {isa = PBXBuildFile; fileRef = 968C765721338B9600D6EBAA /* ResponseBitswapStatModel.swift */; };
		968C76BE21338BA300D6EBAA /* ResponseRepoGcModel.swift in Sources */ = {isa = PBXBuildFile; fileRef = 968C765821338B9700D6EBAA /* ResponseRepoGcModel.swift */; };
		968C76BF21338BA300D6EBAA /* ArgumentsFilesMkdirModel.swift in Sources */ = {isa = PBXBuildFile; fileRef = 968C765921338B9700D6EBAA /* ArgumentsFilesMkdirModel.swift */; };
		968C76C021338BA300D6EBAA /* MountModel.swift in Sources */ = {isa = PBXBuildFile; fileRef = 968C765A21338B9700D6EBAA /* MountModel.swift */; };
		968C76C121338BA300D6EBAA /* ArgumentsPinVerifyModel.swift in Sources */ = {isa = PBXBuildFile; fileRef = 968C765B21338B9700D6EBAA /* ArgumentsPinVerifyModel.swift */; };
		968C76C221338BA300D6EBAA /* StreamsModel.swift in Sources */ = {isa = PBXBuildFile; fileRef = 968C765C21338B9800D6EBAA /* StreamsModel.swift */; };
		968C76C321338BA300D6EBAA /* ArgumentsP2pListenerCloseModel.swift in Sources */ = {isa = PBXBuildFile; fileRef = 968C765D21338B9800D6EBAA /* ArgumentsP2pListenerCloseModel.swift */; };
		968C76C421338BA300D6EBAA /* BlockModel.swift in Sources */ = {isa = PBXBuildFile; fileRef = 968C765E21338B9800D6EBAA /* BlockModel.swift */; };
		968C76C521338BA300D6EBAA /* ArgumentsFilesMvModel.swift in Sources */ = {isa = PBXBuildFile; fileRef = 968C765F21338B9800D6EBAA /* ArgumentsFilesMvModel.swift */; };
		968C76C621338BA300D6EBAA /* ArgumentsPubsubPubModel.swift in Sources */ = {isa = PBXBuildFile; fileRef = 968C766021338B9900D6EBAA /* ArgumentsPubsubPubModel.swift */; };
		968C76C721338BA300D6EBAA /* ArgumentsPinRmModel.swift in Sources */ = {isa = PBXBuildFile; fileRef = 968C766121338B9900D6EBAA /* ArgumentsPinRmModel.swift */; };
		968C76C821338BA300D6EBAA /* IPNSModel.swift in Sources */ = {isa = PBXBuildFile; fileRef = 968C766221338B9900D6EBAA /* IPNSModel.swift */; };
		968C76C921338BA300D6EBAA /* ArgumentsDhtProvideModel.swift in Sources */ = {isa = PBXBuildFile; fileRef = 968C766321338B9900D6EBAA /* ArgumentsDhtProvideModel.swift */; };
		968C76CA21338BA300D6EBAA /* ArgumentsPinUpdateModel.swift in Sources */ = {isa = PBXBuildFile; fileRef = 968C766421338B9900D6EBAA /* ArgumentsPinUpdateModel.swift */; };
		968C76CB21338BA300D6EBAA /* ResponseDhtModel.swift in Sources */ = {isa = PBXBuildFile; fileRef = 968C766521338B9A00D6EBAA /* ResponseDhtModel.swift */; };
		968C76CC21338BA300D6EBAA /* ArgumentsMountModel.swift in Sources */ = {isa = PBXBuildFile; fileRef = 968C766621338B9A00D6EBAA /* ArgumentsMountModel.swift */; };
		968C76CD21338BA300D6EBAA /* ArgumentsP2pStreamCloseModel.swift in Sources */ = {isa = PBXBuildFile; fileRef = 968C766721338B9A00D6EBAA /* ArgumentsP2pStreamCloseModel.swift */; };
		968C76CE21338BA300D6EBAA /* CidModel.swift in Sources */ = {isa = PBXBuildFile; fileRef = 968C766821338B9A00D6EBAA /* CidModel.swift */; };
		968C76CF21338BA300D6EBAA /* ArgumentsObjectPatchAddLinkModel.swift in Sources */ = {isa = PBXBuildFile; fileRef = 968C766921338B9B00D6EBAA /* ArgumentsObjectPatchAddLinkModel.swift */; };
		968C76D021338BA300D6EBAA /* LsModel.swift in Sources */ = {isa = PBXBuildFile; fileRef = 968C766A21338B9B00D6EBAA /* LsModel.swift */; };
		968C76D121338BA300D6EBAA /* MessageModel.swift in Sources */ = {isa = PBXBuildFile; fileRef = 968C766B21338B9B00D6EBAA /* MessageModel.swift */; };
		968C76D221338BA300D6EBAA /* KeypairModel.swift in Sources */ = {isa = PBXBuildFile; fileRef = 968C766C21338B9B00D6EBAA /* KeypairModel.swift */; };
		968C76D321338BA300D6EBAA /* KeypairsModel.swift in Sources */ = {isa = PBXBuildFile; fileRef = 968C766D21338B9C00D6EBAA /* KeypairsModel.swift */; };
		968C76D421338BA300D6EBAA /* CommandModel.swift in Sources */ = {isa = PBXBuildFile; fileRef = 968C766E21338B9C00D6EBAA /* CommandModel.swift */; };
		968C76D521338BA300D6EBAA /* ArgumentsFilesReadModel.swift in Sources */ = {isa = PBXBuildFile; fileRef = 968C766F21338B9C00D6EBAA /* ArgumentsFilesReadModel.swift */; };
		968C76D621338BA300D6EBAA /* PeersModel.swift in Sources */ = {isa = PBXBuildFile; fileRef = 968C767021338B9C00D6EBAA /* PeersModel.swift */; };
		968C76D721338BA300D6EBAA /* ArgumentsDhtPutModel.swift in Sources */ = {isa = PBXBuildFile; fileRef = 968C767121338B9C00D6EBAA /* ArgumentsDhtPutModel.swift */; };
		968C76D821338BA300D6EBAA /* ArgumentsStatsBwModel.swift in Sources */ = {isa = PBXBuildFile; fileRef = 968C767221338B9D00D6EBAA /* ArgumentsStatsBwModel.swift */; };
		968C76D921338BA300D6EBAA /* PeerModel.swift in Sources */ = {isa = PBXBuildFile; fileRef = 968C767321338B9D00D6EBAA /* PeerModel.swift */; };
		968C76DA21338BA300D6EBAA /* IAService.swift in Sources */ = {isa = PBXBuildFile; fileRef = 968C767421338B9D00D6EBAA /* IAService.swift */; };
		968C76DB21338BA300D6EBAA /* ResponseStatsBwModel.swift in Sources */ = {isa = PBXBuildFile; fileRef = 968C767521338B9D00D6EBAA /* ResponseStatsBwModel.swift */; };
		968C76DC21338BA300D6EBAA /* StringsModel.swift in Sources */ = {isa = PBXBuildFile; fileRef = 968C767621338B9E00D6EBAA /* StringsModel.swift */; };
		968C76DD21338BA300D6EBAA /* ArgumentsDhtFindprovsModel.swift in Sources */ = {isa = PBXBuildFile; fileRef = 968C767721338B9E00D6EBAA /* ArgumentsDhtFindprovsModel.swift */; };
		968C76DE21338BA300D6EBAA /* ArgumentsFilesCpModel.swift in Sources */ = {isa = PBXBuildFile; fileRef = 968C767821338B9E00D6EBAA /* ArgumentsFilesCpModel.swift */; };
		968C76DF21338BA300D6EBAA /* FilestoreObjectModel.swift in Sources */ = {isa = PBXBuildFile; fileRef = 968C767921338B9E00D6EBAA /* FilestoreObjectModel.swift */; };
		968C76E021338BA300D6EBAA /* ReferenceModel.swift in Sources */ = {isa = PBXBuildFile; fileRef = 968C767A21338B9F00D6EBAA /* ReferenceModel.swift */; };
		968C76E121338BA300D6EBAA /* ResponseMessageInfoModel.swift in Sources */ = {isa = PBXBuildFile; fileRef = 968C767B21338B9F00D6EBAA /* ResponseMessageInfoModel.swift */; };
		968C76E221338BA300D6EBAA /* ResponseVersionModel.swift in Sources */ = {isa = PBXBuildFile; fileRef = 968C767C21338B9F00D6EBAA /* ResponseVersionModel.swift */; };
		968C76E321338BA300D6EBAA /* ArgumentsKeyRenameModel.swift in Sources */ = {isa = PBXBuildFile; fileRef = 968C767D21338B9F00D6EBAA /* ArgumentsKeyRenameModel.swift */; };
		968C76E421338BA300D6EBAA /* ArgumentsPubsubSubModel.swift in Sources */ = {isa = PBXBuildFile; fileRef = 968C767E21338BA000D6EBAA /* ArgumentsPubsubSubModel.swift */; };
		968C76E521338BA300D6EBAA /* ArgumentsObjectPutModel.swift in Sources */ = {isa = PBXBuildFile; fileRef = 968C767F21338BA000D6EBAA /* ArgumentsObjectPutModel.swift */; };
		968C76E621338BA300D6EBAA /* ArgumentsFilesLsModel.swift in Sources */ = {isa = PBXBuildFile; fileRef = 968C768021338BA000D6EBAA /* ArgumentsFilesLsModel.swift */; };
		968C76E721338BA300D6EBAA /* ListenerModel.swift in Sources */ = {isa = PBXBuildFile; fileRef = 968C768121338BA000D6EBAA /* ListenerModel.swift */; };
		968C76E821338BA300D6EBAA /* ArgumentsAddModel.swift in Sources */ = {isa = PBXBuildFile; fileRef = 968C768221338BA000D6EBAA /* ArgumentsAddModel.swift */; };
		968C76E921338BA300D6EBAA /* ResponseRepoStatModel.swift in Sources */ = {isa = PBXBuildFile; fileRef = 968C768321338BA100D6EBAA /* ResponseRepoStatModel.swift */; };
		968C76EA21338BA300D6EBAA /* ArgumentsDnsModel.swift in Sources */ = {isa = PBXBuildFile; fileRef = 968C768421338BA100D6EBAA /* ArgumentsDnsModel.swift */; };
		968C76EB21338BA300D6EBAA /* ArgumentsObjectPatchRmLinkModel.swift in Sources */ = {isa = PBXBuildFile; fileRef = 968C768521338BA100D6EBAA /* ArgumentsObjectPatchRmLinkModel.swift */; };
		968C76EC21338BA300D6EBAA /* PathModel.swift in Sources */ = {isa = PBXBuildFile; fileRef = 968C768621338BA100D6EBAA /* PathModel.swift */; };
		968C76ED21338BA300D6EBAA /* ArgumentsP2pStreamDialModel.swift in Sources */ = {isa = PBXBuildFile; fileRef = 968C768721338BA200D6EBAA /* ArgumentsP2pStreamDialModel.swift */; };
		968C76EE21338BA300D6EBAA /* ResponseBitswapRmModel.swift in Sources */ = {isa = PBXBuildFile; fileRef = 968C768821338BA200D6EBAA /* ResponseBitswapRmModel.swift */; };
		968C76EF21338BA300D6EBAA /* ObjectModel.swift in Sources */ = {isa = PBXBuildFile; fileRef = 968C768921338BA200D6EBAA /* ObjectModel.swift */; };
		968C76F021338BA300D6EBAA /* ResponseRepoVersionModel.swift in Sources */ = {isa = PBXBuildFile; fileRef = 968C768A21338BA200D6EBAA /* ResponseRepoVersionModel.swift */; };
		968C76F121338BA300D6EBAA /* ArgumentsSwarmPeersModel.swift in Sources */ = {isa = PBXBuildFile; fileRef = 968C768B21338BA300D6EBAA /* ArgumentsSwarmPeersModel.swift */; };
		968C76F221338BA300D6EBAA /* ArgumentsDhtQueryModel.swift in Sources */ = {isa = PBXBuildFile; fileRef = 968C768C21338BA300D6EBAA /* ArgumentsDhtQueryModel.swift */; };
		968C76F521338C8B00D6EBAA /* Moya.framework in Frameworks */ = {isa = PBXBuildFile; fileRef = 968C76F421338C8B00D6EBAA /* Moya.framework */; };
		968C76F82133916E00D6EBAA /* Moya.framework in CopyFiles */ = {isa = PBXBuildFile; fileRef = 968C76F421338C8B00D6EBAA /* Moya.framework */; settings = {ATTRIBUTES = (CodeSignOnCopy, RemoveHeadersOnCopy, ); }; };
/* End PBXBuildFile section */

/* Begin PBXCopyFilesBuildPhase section */
		968C76F721338D0D00D6EBAA /* CopyFiles */ = {
			isa = PBXCopyFilesBuildPhase;
			buildActionMask = 2147483647;
			dstPath = "";
			dstSubfolderSpec = 10;
			files = (
				968C76F82133916E00D6EBAA /* Moya.framework in CopyFiles */,
			);
			runOnlyForDeploymentPostprocessing = 0;
		};
/* End PBXCopyFilesBuildPhase section */

/* Begin PBXFileReference section */
		968C755021338A2200D6EBAA /* ios_ipfs_api.framework */ = {isa = PBXFileReference; explicitFileType = wrapper.framework; includeInIndex = 0; path = ios_ipfs_api.framework; sourceTree = BUILT_PRODUCTS_DIR; };
		968C755321338A2200D6EBAA /* ios_ipfs_api.h */ = {isa = PBXFileReference; lastKnownFileType = sourcecode.c.h; path = ios_ipfs_api.h; sourceTree = "<group>"; };
		968C755421338A2200D6EBAA /* Info.plist */ = {isa = PBXFileReference; lastKnownFileType = text.plist.xml; path = Info.plist; sourceTree = "<group>"; };
		968C762721338B8D00D6EBAA /* ArgumentsFilesWriteModel.swift */ = {isa = PBXFileReference; fileEncoding = 4; lastKnownFileType = sourcecode.swift; name = ArgumentsFilesWriteModel.swift; path = IpfsApi/Classes/ArgumentsFilesWriteModel.swift; sourceTree = SOURCE_ROOT; };
		968C762821338B8E00D6EBAA /* ArgumentsResolveModel.swift */ = {isa = PBXFileReference; fileEncoding = 4; lastKnownFileType = sourcecode.swift; name = ArgumentsResolveModel.swift; path = IpfsApi/Classes/ArgumentsResolveModel.swift; sourceTree = SOURCE_ROOT; };
		968C762921338B8E00D6EBAA /* ResponseBitswapLedgerModel.swift */ = {isa = PBXFileReference; fileEncoding = 4; lastKnownFileType = sourcecode.swift; name = ResponseBitswapLedgerModel.swift; path = IpfsApi/Classes/ResponseBitswapLedgerModel.swift; sourceTree = SOURCE_ROOT; };
		968C762A21338B8E00D6EBAA /* ArgumentsBlockRmModel.swift */ = {isa = PBXFileReference; fileEncoding = 4; lastKnownFileType = sourcecode.swift; name = ArgumentsBlockRmModel.swift; path = IpfsApi/Classes/ArgumentsBlockRmModel.swift; sourceTree = SOURCE_ROOT; };
		968C762B21338B8E00D6EBAA /* ArgumentsFilesStatModel.swift */ = {isa = PBXFileReference; fileEncoding = 4; lastKnownFileType = sourcecode.swift; name = ArgumentsFilesStatModel.swift; path = IpfsApi/Classes/ArgumentsFilesStatModel.swift; sourceTree = SOURCE_ROOT; };
		968C762C21338B8E00D6EBAA /* ArgumentsVersionModel.swift */ = {isa = PBXFileReference; fileEncoding = 4; lastKnownFileType = sourcecode.swift; name = ArgumentsVersionModel.swift; path = IpfsApi/Classes/ArgumentsVersionModel.swift; sourceTree = SOURCE_ROOT; };
		968C762D21338B8E00D6EBAA /* AddressModel.swift */ = {isa = PBXFileReference; fileEncoding = 4; lastKnownFileType = sourcecode.swift; name = AddressModel.swift; path = IpfsApi/Classes/AddressModel.swift; sourceTree = SOURCE_ROOT; };
		968C762E21338B8E00D6EBAA /* ArgumentsObjectDiffModel.swift */ = {isa = PBXFileReference; fileEncoding = 4; lastKnownFileType = sourcecode.swift; name = ArgumentsObjectDiffModel.swift; path = IpfsApi/Classes/ArgumentsObjectDiffModel.swift; sourceTree = SOURCE_ROOT; };
		968C762F21338B8E00D6EBAA /* DiffModel.swift */ = {isa = PBXFileReference; fileEncoding = 4; lastKnownFileType = sourcecode.swift; name = DiffModel.swift; path = IpfsApi/Classes/DiffModel.swift; sourceTree = SOURCE_ROOT; };
		968C763021338B8F00D6EBAA /* ArgumentsKeyRmModel.swift */ = {isa = PBXFileReference; fileEncoding = 4; lastKnownFileType = sourcecode.swift; name = ArgumentsKeyRmModel.swift; path = IpfsApi/Classes/ArgumentsKeyRmModel.swift; sourceTree = SOURCE_ROOT; };
		968C763121338B8F00D6EBAA /* CommandOptionsModel.swift */ = {isa = PBXFileReference; fileEncoding = 4; lastKnownFileType = sourcecode.swift; name = CommandOptionsModel.swift; path = IpfsApi/Classes/CommandOptionsModel.swift; sourceTree = SOURCE_ROOT; };
		968C763221338B8F00D6EBAA /* KeysModel.swift */ = {isa = PBXFileReference; fileEncoding = 4; lastKnownFileType = sourcecode.swift; name = KeysModel.swift; path = IpfsApi/Classes/KeysModel.swift; sourceTree = SOURCE_ROOT; };
		968C763321338B8F00D6EBAA /* FileLsModel.swift */ = {isa = PBXFileReference; fileEncoding = 4; lastKnownFileType = sourcecode.swift; name = FileLsModel.swift; path = IpfsApi/Classes/FileLsModel.swift; sourceTree = SOURCE_ROOT; };
		968C763421338B8F00D6EBAA /* PinStatusModel.swift */ = {isa = PBXFileReference; fileEncoding = 4; lastKnownFileType = sourcecode.swift; name = PinStatusModel.swift; path = IpfsApi/Classes/PinStatusModel.swift; sourceTree = SOURCE_ROOT; };
		968C763521338B8F00D6EBAA /* ArgumentsNamePublishModel.swift */ = {isa = PBXFileReference; fileEncoding = 4; lastKnownFileType = sourcecode.swift; name = ArgumentsNamePublishModel.swift; path = IpfsApi/Classes/ArgumentsNamePublishModel.swift; sourceTree = SOURCE_ROOT; };
		968C763621338B9000D6EBAA /* PinnedObjectsModel.swift */ = {isa = PBXFileReference; fileEncoding = 4; lastKnownFileType = sourcecode.swift; name = PinnedObjectsModel.swift; path = IpfsApi/Classes/PinnedObjectsModel.swift; sourceTree = SOURCE_ROOT; };
		968C763721338B9000D6EBAA /* IDInfoModel.swift */ = {isa = PBXFileReference; fileEncoding = 4; lastKnownFileType = sourcecode.swift; name = IDInfoModel.swift; path = IpfsApi/Classes/IDInfoModel.swift; sourceTree = SOURCE_ROOT; };
		968C763821338B9000D6EBAA /* ArgumentsP2pListenerOpenModel.swift */ = {isa = PBXFileReference; fileEncoding = 4; lastKnownFileType = sourcecode.swift; name = ArgumentsP2pListenerOpenModel.swift; path = IpfsApi/Classes/ArgumentsP2pListenerOpenModel.swift; sourceTree = SOURCE_ROOT; };
		968C763921338B9000D6EBAA /* StreamModel.swift */ = {isa = PBXFileReference; fileEncoding = 4; lastKnownFileType = sourcecode.swift; name = StreamModel.swift; path = IpfsApi/Classes/StreamModel.swift; sourceTree = SOURCE_ROOT; };
		968C763A21338B9000D6EBAA /* MessageInfoModel.swift */ = {isa = PBXFileReference; fileEncoding = 4; lastKnownFileType = sourcecode.swift; name = MessageInfoModel.swift; path = IpfsApi/Classes/MessageInfoModel.swift; sourceTree = SOURCE_ROOT; };
		968C763B21338B9000D6EBAA /* ResponsePinVerifyModel.swift */ = {isa = PBXFileReference; fileEncoding = 4; lastKnownFileType = sourcecode.swift; name = ResponsePinVerifyModel.swift; path = IpfsApi/Classes/ResponsePinVerifyModel.swift; sourceTree = SOURCE_ROOT; };
		968C763C21338B9100D6EBAA /* ArgumentsDhtGetModel.swift */ = {isa = PBXFileReference; fileEncoding = 4; lastKnownFileType = sourcecode.swift; name = ArgumentsDhtGetModel.swift; path = IpfsApi/Classes/ArgumentsDhtGetModel.swift; sourceTree = SOURCE_ROOT; };
		968C763D21338B9100D6EBAA /* ArgumentsPingModel.swift */ = {isa = PBXFileReference; fileEncoding = 4; lastKnownFileType = sourcecode.swift; name = ArgumentsPingModel.swift; path = IpfsApi/Classes/ArgumentsPingModel.swift; sourceTree = SOURCE_ROOT; };
		968C763E21338B9100D6EBAA /* ArgumentsPinAddModel.swift */ = {isa = PBXFileReference; fileEncoding = 4; lastKnownFileType = sourcecode.swift; name = ArgumentsPinAddModel.swift; path = IpfsApi/Classes/ArgumentsPinAddModel.swift; sourceTree = SOURCE_ROOT; };
		968C763F21338B9100D6EBAA /* ArgumentsNameResolveModel.swift */ = {isa = PBXFileReference; fileEncoding = 4; lastKnownFileType = sourcecode.swift; name = ArgumentsNameResolveModel.swift; path = IpfsApi/Classes/ArgumentsNameResolveModel.swift; sourceTree = SOURCE_ROOT; };
		968C764021338B9100D6EBAA /* ArgumentsLsModel.swift */ = {isa = PBXFileReference; fileEncoding = 4; lastKnownFileType = sourcecode.swift; name = ArgumentsLsModel.swift; path = IpfsApi/Classes/ArgumentsLsModel.swift; sourceTree = SOURCE_ROOT; };
		968C764121338B9100D6EBAA /* ResponseRepoVerifyModel.swift */ = {isa = PBXFileReference; fileEncoding = 4; lastKnownFileType = sourcecode.swift; name = ResponseRepoVerifyModel.swift; path = IpfsApi/Classes/ResponseRepoVerifyModel.swift; sourceTree = SOURCE_ROOT; };
		968C764221338B9200D6EBAA /* PinsModel.swift */ = {isa = PBXFileReference; fileEncoding = 4; lastKnownFileType = sourcecode.swift; name = PinsModel.swift; path = IpfsApi/Classes/PinsModel.swift; sourceTree = SOURCE_ROOT; };
		968C764321338B9200D6EBAA /* ResponseSwarmPeersModel.swift */ = {isa = PBXFileReference; fileEncoding = 4; lastKnownFileType = sourcecode.swift; name = ResponseSwarmPeersModel.swift; path = IpfsApi/Classes/ResponseSwarmPeersModel.swift; sourceTree = SOURCE_ROOT; };
		968C764421338B9200D6EBAA /* ArgumentsRepoGcModel.swift */ = {isa = PBXFileReference; fileEncoding = 4; lastKnownFileType = sourcecode.swift; name = ArgumentsRepoGcModel.swift; path = IpfsApi/Classes/ArgumentsRepoGcModel.swift; sourceTree = SOURCE_ROOT; };
		968C764521338B9200D6EBAA /* ArgumentsDhtFindpeerModel.swift */ = {isa = PBXFileReference; fileEncoding = 4; lastKnownFileType = sourcecode.swift; name = ArgumentsDhtFindpeerModel.swift; path = IpfsApi/Classes/ArgumentsDhtFindpeerModel.swift; sourceTree = SOURCE_ROOT; };
		968C764621338B9200D6EBAA /* ArgumentsFilestoreLsModel.swift */ = {isa = PBXFileReference; fileEncoding = 4; lastKnownFileType = sourcecode.swift; name = ArgumentsFilestoreLsModel.swift; path = IpfsApi/Classes/ArgumentsFilestoreLsModel.swift; sourceTree = SOURCE_ROOT; };
		968C764721338B9300D6EBAA /* ArgumentsPinLsModel.swift */ = {isa = PBXFileReference; fileEncoding = 4; lastKnownFileType = sourcecode.swift; name = ArgumentsPinLsModel.swift; path = IpfsApi/Classes/ArgumentsPinLsModel.swift; sourceTree = SOURCE_ROOT; };
		968C764821338B9300D6EBAA /* ResponsePingModel.swift */ = {isa = PBXFileReference; fileEncoding = 4; lastKnownFileType = sourcecode.swift; name = ResponsePingModel.swift; path = IpfsApi/Classes/ResponsePingModel.swift; sourceTree = SOURCE_ROOT; };
		968C764921338B9300D6EBAA /* ArgumentsLogLevelModel.swift */ = {isa = PBXFileReference; fileEncoding = 4; lastKnownFileType = sourcecode.swift; name = ArgumentsLogLevelModel.swift; path = IpfsApi/Classes/ArgumentsLogLevelModel.swift; sourceTree = SOURCE_ROOT; };
		968C764A21338B9300D6EBAA /* ObjectStatModel.swift */ = {isa = PBXFileReference; fileEncoding = 4; lastKnownFileType = sourcecode.swift; name = ObjectStatModel.swift; path = IpfsApi/Classes/ObjectStatModel.swift; sourceTree = SOURCE_ROOT; };
		968C764B21338B9400D6EBAA /* ArgumentsKeyGenModel.swift */ = {isa = PBXFileReference; fileEncoding = 4; lastKnownFileType = sourcecode.swift; name = ArgumentsKeyGenModel.swift; path = IpfsApi/Classes/ArgumentsKeyGenModel.swift; sourceTree = SOURCE_ROOT; };
		968C764C21338B9400D6EBAA /* EntriesModel.swift */ = {isa = PBXFileReference; fileEncoding = 4; lastKnownFileType = sourcecode.swift; name = EntriesModel.swift; path = IpfsApi/Classes/EntriesModel.swift; sourceTree = SOURCE_ROOT; };
		968C764D21338B9400D6EBAA /* DiffsModel.swift */ = {isa = PBXFileReference; fileEncoding = 4; lastKnownFileType = sourcecode.swift; name = DiffsModel.swift; path = IpfsApi/Classes/DiffsModel.swift; sourceTree = SOURCE_ROOT; };
		968C764E21338B9400D6EBAA /* ArgumentsIdModel.swift */ = {isa = PBXFileReference; fileEncoding = 4; lastKnownFileType = sourcecode.swift; name = ArgumentsIdModel.swift; path = IpfsApi/Classes/ArgumentsIdModel.swift; sourceTree = SOURCE_ROOT; };
		968C764F21338B9500D6EBAA /* ArgumentsFilesRmModel.swift */ = {isa = PBXFileReference; fileEncoding = 4; lastKnownFileType = sourcecode.swift; name = ArgumentsFilesRmModel.swift; path = IpfsApi/Classes/ArgumentsFilesRmModel.swift; sourceTree = SOURCE_ROOT; };
		968C765021338B9500D6EBAA /* ArgumentsObjectLinksModel.swift */ = {isa = PBXFileReference; fileEncoding = 4; lastKnownFileType = sourcecode.swift; name = ArgumentsObjectLinksModel.swift; path = IpfsApi/Classes/ArgumentsObjectLinksModel.swift; sourceTree = SOURCE_ROOT; };
		968C765121338B9500D6EBAA /* ArgumentsDagPutModel.swift */ = {isa = PBXFileReference; fileEncoding = 4; lastKnownFileType = sourcecode.swift; name = ArgumentsDagPutModel.swift; path = IpfsApi/Classes/ArgumentsDagPutModel.swift; sourceTree = SOURCE_ROOT; };
		968C765221338B9500D6EBAA /* ArgumentsGetModel.swift */ = {isa = PBXFileReference; fileEncoding = 4; lastKnownFileType = sourcecode.swift; name = ArgumentsGetModel.swift; path = IpfsApi/Classes/ArgumentsGetModel.swift; sourceTree = SOURCE_ROOT; };
		968C765321338B9600D6EBAA /* ListenersModel.swift */ = {isa = PBXFileReference; fileEncoding = 4; lastKnownFileType = sourcecode.swift; name = ListenersModel.swift; path = IpfsApi/Classes/ListenersModel.swift; sourceTree = SOURCE_ROOT; };
		968C765421338B9600D6EBAA /* ArgumentsBlockPutModel.swift */ = {isa = PBXFileReference; fileEncoding = 4; lastKnownFileType = sourcecode.swift; name = ArgumentsBlockPutModel.swift; path = IpfsApi/Classes/ArgumentsBlockPutModel.swift; sourceTree = SOURCE_ROOT; };
		968C765521338B9600D6EBAA /* Ipfs.swift */ = {isa = PBXFileReference; fileEncoding = 4; lastKnownFileType = sourcecode.swift; name = Ipfs.swift; path = IpfsApi/Classes/Ipfs.swift; sourceTree = SOURCE_ROOT; };
		968C765621338B9600D6EBAA /* ArgumentsFilestoreVerifyModel.swift */ = {isa = PBXFileReference; fileEncoding = 4; lastKnownFileType = sourcecode.swift; name = ArgumentsFilestoreVerifyModel.swift; path = IpfsApi/Classes/ArgumentsFilestoreVerifyModel.swift; sourceTree = SOURCE_ROOT; };
		968C765721338B9600D6EBAA /* ResponseBitswapStatModel.swift */ = {isa = PBXFileReference; fileEncoding = 4; lastKnownFileType = sourcecode.swift; name = ResponseBitswapStatModel.swift; path = IpfsApi/Classes/ResponseBitswapStatModel.swift; sourceTree = SOURCE_ROOT; };
		968C765821338B9700D6EBAA /* ResponseRepoGcModel.swift */ = {isa = PBXFileReference; fileEncoding = 4; lastKnownFileType = sourcecode.swift; name = ResponseRepoGcModel.swift; path = IpfsApi/Classes/ResponseRepoGcModel.swift; sourceTree = SOURCE_ROOT; };
		968C765921338B9700D6EBAA /* ArgumentsFilesMkdirModel.swift */ = {isa = PBXFileReference; fileEncoding = 4; lastKnownFileType = sourcecode.swift; name = ArgumentsFilesMkdirModel.swift; path = IpfsApi/Classes/ArgumentsFilesMkdirModel.swift; sourceTree = SOURCE_ROOT; };
		968C765A21338B9700D6EBAA /* MountModel.swift */ = {isa = PBXFileReference; fileEncoding = 4; lastKnownFileType = sourcecode.swift; name = MountModel.swift; path = IpfsApi/Classes/MountModel.swift; sourceTree = SOURCE_ROOT; };
		968C765B21338B9700D6EBAA /* ArgumentsPinVerifyModel.swift */ = {isa = PBXFileReference; fileEncoding = 4; lastKnownFileType = sourcecode.swift; name = ArgumentsPinVerifyModel.swift; path = IpfsApi/Classes/ArgumentsPinVerifyModel.swift; sourceTree = SOURCE_ROOT; };
		968C765C21338B9800D6EBAA /* StreamsModel.swift */ = {isa = PBXFileReference; fileEncoding = 4; lastKnownFileType = sourcecode.swift; name = StreamsModel.swift; path = IpfsApi/Classes/StreamsModel.swift; sourceTree = SOURCE_ROOT; };
		968C765D21338B9800D6EBAA /* ArgumentsP2pListenerCloseModel.swift */ = {isa = PBXFileReference; fileEncoding = 4; lastKnownFileType = sourcecode.swift; name = ArgumentsP2pListenerCloseModel.swift; path = IpfsApi/Classes/ArgumentsP2pListenerCloseModel.swift; sourceTree = SOURCE_ROOT; };
		968C765E21338B9800D6EBAA /* BlockModel.swift */ = {isa = PBXFileReference; fileEncoding = 4; lastKnownFileType = sourcecode.swift; name = BlockModel.swift; path = IpfsApi/Classes/BlockModel.swift; sourceTree = SOURCE_ROOT; };
		968C765F21338B9800D6EBAA /* ArgumentsFilesMvModel.swift */ = {isa = PBXFileReference; fileEncoding = 4; lastKnownFileType = sourcecode.swift; name = ArgumentsFilesMvModel.swift; path = IpfsApi/Classes/ArgumentsFilesMvModel.swift; sourceTree = SOURCE_ROOT; };
		968C766021338B9900D6EBAA /* ArgumentsPubsubPubModel.swift */ = {isa = PBXFileReference; fileEncoding = 4; lastKnownFileType = sourcecode.swift; name = ArgumentsPubsubPubModel.swift; path = IpfsApi/Classes/ArgumentsPubsubPubModel.swift; sourceTree = SOURCE_ROOT; };
		968C766121338B9900D6EBAA /* ArgumentsPinRmModel.swift */ = {isa = PBXFileReference; fileEncoding = 4; lastKnownFileType = sourcecode.swift; name = ArgumentsPinRmModel.swift; path = IpfsApi/Classes/ArgumentsPinRmModel.swift; sourceTree = SOURCE_ROOT; };
		968C766221338B9900D6EBAA /* IPNSModel.swift */ = {isa = PBXFileReference; fileEncoding = 4; lastKnownFileType = sourcecode.swift; name = IPNSModel.swift; path = IpfsApi/Classes/IPNSModel.swift; sourceTree = SOURCE_ROOT; };
		968C766321338B9900D6EBAA /* ArgumentsDhtProvideModel.swift */ = {isa = PBXFileReference; fileEncoding = 4; lastKnownFileType = sourcecode.swift; name = ArgumentsDhtProvideModel.swift; path = IpfsApi/Classes/ArgumentsDhtProvideModel.swift; sourceTree = SOURCE_ROOT; };
		968C766421338B9900D6EBAA /* ArgumentsPinUpdateModel.swift */ = {isa = PBXFileReference; fileEncoding = 4; lastKnownFileType = sourcecode.swift; name = ArgumentsPinUpdateModel.swift; path = IpfsApi/Classes/ArgumentsPinUpdateModel.swift; sourceTree = SOURCE_ROOT; };
		968C766521338B9A00D6EBAA /* ResponseDhtModel.swift */ = {isa = PBXFileReference; fileEncoding = 4; lastKnownFileType = sourcecode.swift; name = ResponseDhtModel.swift; path = IpfsApi/Classes/ResponseDhtModel.swift; sourceTree = SOURCE_ROOT; };
		968C766621338B9A00D6EBAA /* ArgumentsMountModel.swift */ = {isa = PBXFileReference; fileEncoding = 4; lastKnownFileType = sourcecode.swift; name = ArgumentsMountModel.swift; path = IpfsApi/Classes/ArgumentsMountModel.swift; sourceTree = SOURCE_ROOT; };
		968C766721338B9A00D6EBAA /* ArgumentsP2pStreamCloseModel.swift */ = {isa = PBXFileReference; fileEncoding = 4; lastKnownFileType = sourcecode.swift; name = ArgumentsP2pStreamCloseModel.swift; path = IpfsApi/Classes/ArgumentsP2pStreamCloseModel.swift; sourceTree = SOURCE_ROOT; };
		968C766821338B9A00D6EBAA /* CidModel.swift */ = {isa = PBXFileReference; fileEncoding = 4; lastKnownFileType = sourcecode.swift; name = CidModel.swift; path = IpfsApi/Classes/CidModel.swift; sourceTree = SOURCE_ROOT; };
		968C766921338B9B00D6EBAA /* ArgumentsObjectPatchAddLinkModel.swift */ = {isa = PBXFileReference; fileEncoding = 4; lastKnownFileType = sourcecode.swift; name = ArgumentsObjectPatchAddLinkModel.swift; path = IpfsApi/Classes/ArgumentsObjectPatchAddLinkModel.swift; sourceTree = SOURCE_ROOT; };
		968C766A21338B9B00D6EBAA /* LsModel.swift */ = {isa = PBXFileReference; fileEncoding = 4; lastKnownFileType = sourcecode.swift; name = LsModel.swift; path = IpfsApi/Classes/LsModel.swift; sourceTree = SOURCE_ROOT; };
		968C766B21338B9B00D6EBAA /* MessageModel.swift */ = {isa = PBXFileReference; fileEncoding = 4; lastKnownFileType = sourcecode.swift; name = MessageModel.swift; path = IpfsApi/Classes/MessageModel.swift; sourceTree = SOURCE_ROOT; };
		968C766C21338B9B00D6EBAA /* KeypairModel.swift */ = {isa = PBXFileReference; fileEncoding = 4; lastKnownFileType = sourcecode.swift; name = KeypairModel.swift; path = IpfsApi/Classes/KeypairModel.swift; sourceTree = SOURCE_ROOT; };
		968C766D21338B9C00D6EBAA /* KeypairsModel.swift */ = {isa = PBXFileReference; fileEncoding = 4; lastKnownFileType = sourcecode.swift; name = KeypairsModel.swift; path = IpfsApi/Classes/KeypairsModel.swift; sourceTree = SOURCE_ROOT; };
		968C766E21338B9C00D6EBAA /* CommandModel.swift */ = {isa = PBXFileReference; fileEncoding = 4; lastKnownFileType = sourcecode.swift; name = CommandModel.swift; path = IpfsApi/Classes/CommandModel.swift; sourceTree = SOURCE_ROOT; };
		968C766F21338B9C00D6EBAA /* ArgumentsFilesReadModel.swift */ = {isa = PBXFileReference; fileEncoding = 4; lastKnownFileType = sourcecode.swift; name = ArgumentsFilesReadModel.swift; path = IpfsApi/Classes/ArgumentsFilesReadModel.swift; sourceTree = SOURCE_ROOT; };
		968C767021338B9C00D6EBAA /* PeersModel.swift */ = {isa = PBXFileReference; fileEncoding = 4; lastKnownFileType = sourcecode.swift; name = PeersModel.swift; path = IpfsApi/Classes/PeersModel.swift; sourceTree = SOURCE_ROOT; };
		968C767121338B9C00D6EBAA /* ArgumentsDhtPutModel.swift */ = {isa = PBXFileReference; fileEncoding = 4; lastKnownFileType = sourcecode.swift; name = ArgumentsDhtPutModel.swift; path = IpfsApi/Classes/ArgumentsDhtPutModel.swift; sourceTree = SOURCE_ROOT; };
		968C767221338B9D00D6EBAA /* ArgumentsStatsBwModel.swift */ = {isa = PBXFileReference; fileEncoding = 4; lastKnownFileType = sourcecode.swift; name = ArgumentsStatsBwModel.swift; path = IpfsApi/Classes/ArgumentsStatsBwModel.swift; sourceTree = SOURCE_ROOT; };
		968C767321338B9D00D6EBAA /* PeerModel.swift */ = {isa = PBXFileReference; fileEncoding = 4; lastKnownFileType = sourcecode.swift; name = PeerModel.swift; path = IpfsApi/Classes/PeerModel.swift; sourceTree = SOURCE_ROOT; };
		968C767421338B9D00D6EBAA /* IAService.swift */ = {isa = PBXFileReference; fileEncoding = 4; lastKnownFileType = sourcecode.swift; name = IAService.swift; path = IpfsApi/Classes/IAService.swift; sourceTree = SOURCE_ROOT; };
		968C767521338B9D00D6EBAA /* ResponseStatsBwModel.swift */ = {isa = PBXFileReference; fileEncoding = 4; lastKnownFileType = sourcecode.swift; name = ResponseStatsBwModel.swift; path = IpfsApi/Classes/ResponseStatsBwModel.swift; sourceTree = SOURCE_ROOT; };
		968C767621338B9E00D6EBAA /* StringsModel.swift */ = {isa = PBXFileReference; fileEncoding = 4; lastKnownFileType = sourcecode.swift; name = StringsModel.swift; path = IpfsApi/Classes/StringsModel.swift; sourceTree = SOURCE_ROOT; };
		968C767721338B9E00D6EBAA /* ArgumentsDhtFindprovsModel.swift */ = {isa = PBXFileReference; fileEncoding = 4; lastKnownFileType = sourcecode.swift; name = ArgumentsDhtFindprovsModel.swift; path = IpfsApi/Classes/ArgumentsDhtFindprovsModel.swift; sourceTree = SOURCE_ROOT; };
		968C767821338B9E00D6EBAA /* ArgumentsFilesCpModel.swift */ = {isa = PBXFileReference; fileEncoding = 4; lastKnownFileType = sourcecode.swift; name = ArgumentsFilesCpModel.swift; path = IpfsApi/Classes/ArgumentsFilesCpModel.swift; sourceTree = SOURCE_ROOT; };
		968C767921338B9E00D6EBAA /* FilestoreObjectModel.swift */ = {isa = PBXFileReference; fileEncoding = 4; lastKnownFileType = sourcecode.swift; name = FilestoreObjectModel.swift; path = IpfsApi/Classes/FilestoreObjectModel.swift; sourceTree = SOURCE_ROOT; };
		968C767A21338B9F00D6EBAA /* ReferenceModel.swift */ = {isa = PBXFileReference; fileEncoding = 4; lastKnownFileType = sourcecode.swift; name = ReferenceModel.swift; path = IpfsApi/Classes/ReferenceModel.swift; sourceTree = SOURCE_ROOT; };
		968C767B21338B9F00D6EBAA /* ResponseMessageInfoModel.swift */ = {isa = PBXFileReference; fileEncoding = 4; lastKnownFileType = sourcecode.swift; name = ResponseMessageInfoModel.swift; path = IpfsApi/Classes/ResponseMessageInfoModel.swift; sourceTree = SOURCE_ROOT; };
		968C767C21338B9F00D6EBAA /* ResponseVersionModel.swift */ = {isa = PBXFileReference; fileEncoding = 4; lastKnownFileType = sourcecode.swift; name = ResponseVersionModel.swift; path = IpfsApi/Classes/ResponseVersionModel.swift; sourceTree = SOURCE_ROOT; };
		968C767D21338B9F00D6EBAA /* ArgumentsKeyRenameModel.swift */ = {isa = PBXFileReference; fileEncoding = 4; lastKnownFileType = sourcecode.swift; name = ArgumentsKeyRenameModel.swift; path = IpfsApi/Classes/ArgumentsKeyRenameModel.swift; sourceTree = SOURCE_ROOT; };
		968C767E21338BA000D6EBAA /* ArgumentsPubsubSubModel.swift */ = {isa = PBXFileReference; fileEncoding = 4; lastKnownFileType = sourcecode.swift; name = ArgumentsPubsubSubModel.swift; path = IpfsApi/Classes/ArgumentsPubsubSubModel.swift; sourceTree = SOURCE_ROOT; };
		968C767F21338BA000D6EBAA /* ArgumentsObjectPutModel.swift */ = {isa = PBXFileReference; fileEncoding = 4; lastKnownFileType = sourcecode.swift; name = ArgumentsObjectPutModel.swift; path = IpfsApi/Classes/ArgumentsObjectPutModel.swift; sourceTree = SOURCE_ROOT; };
		968C768021338BA000D6EBAA /* ArgumentsFilesLsModel.swift */ = {isa = PBXFileReference; fileEncoding = 4; lastKnownFileType = sourcecode.swift; name = ArgumentsFilesLsModel.swift; path = IpfsApi/Classes/ArgumentsFilesLsModel.swift; sourceTree = SOURCE_ROOT; };
		968C768121338BA000D6EBAA /* ListenerModel.swift */ = {isa = PBXFileReference; fileEncoding = 4; lastKnownFileType = sourcecode.swift; name = ListenerModel.swift; path = IpfsApi/Classes/ListenerModel.swift; sourceTree = SOURCE_ROOT; };
		968C768221338BA000D6EBAA /* ArgumentsAddModel.swift */ = {isa = PBXFileReference; fileEncoding = 4; lastKnownFileType = sourcecode.swift; name = ArgumentsAddModel.swift; path = IpfsApi/Classes/ArgumentsAddModel.swift; sourceTree = SOURCE_ROOT; };
		968C768321338BA100D6EBAA /* ResponseRepoStatModel.swift */ = {isa = PBXFileReference; fileEncoding = 4; lastKnownFileType = sourcecode.swift; name = ResponseRepoStatModel.swift; path = IpfsApi/Classes/ResponseRepoStatModel.swift; sourceTree = SOURCE_ROOT; };
		968C768421338BA100D6EBAA /* ArgumentsDnsModel.swift */ = {isa = PBXFileReference; fileEncoding = 4; lastKnownFileType = sourcecode.swift; name = ArgumentsDnsModel.swift; path = IpfsApi/Classes/ArgumentsDnsModel.swift; sourceTree = SOURCE_ROOT; };
		968C768521338BA100D6EBAA /* ArgumentsObjectPatchRmLinkModel.swift */ = {isa = PBXFileReference; fileEncoding = 4; lastKnownFileType = sourcecode.swift; name = ArgumentsObjectPatchRmLinkModel.swift; path = IpfsApi/Classes/ArgumentsObjectPatchRmLinkModel.swift; sourceTree = SOURCE_ROOT; };
		968C768621338BA100D6EBAA /* PathModel.swift */ = {isa = PBXFileReference; fileEncoding = 4; lastKnownFileType = sourcecode.swift; name = PathModel.swift; path = IpfsApi/Classes/PathModel.swift; sourceTree = SOURCE_ROOT; };
		968C768721338BA200D6EBAA /* ArgumentsP2pStreamDialModel.swift */ = {isa = PBXFileReference; fileEncoding = 4; lastKnownFileType = sourcecode.swift; name = ArgumentsP2pStreamDialModel.swift; path = IpfsApi/Classes/ArgumentsP2pStreamDialModel.swift; sourceTree = SOURCE_ROOT; };
		968C768821338BA200D6EBAA /* ResponseBitswapRmModel.swift */ = {isa = PBXFileReference; fileEncoding = 4; lastKnownFileType = sourcecode.swift; name = ResponseBitswapRmModel.swift; path = IpfsApi/Classes/ResponseBitswapRmModel.swift; sourceTree = SOURCE_ROOT; };
		968C768921338BA200D6EBAA /* ObjectModel.swift */ = {isa = PBXFileReference; fileEncoding = 4; lastKnownFileType = sourcecode.swift; name = ObjectModel.swift; path = IpfsApi/Classes/ObjectModel.swift; sourceTree = SOURCE_ROOT; };
		968C768A21338BA200D6EBAA /* ResponseRepoVersionModel.swift */ = {isa = PBXFileReference; fileEncoding = 4; lastKnownFileType = sourcecode.swift; name = ResponseRepoVersionModel.swift; path = IpfsApi/Classes/ResponseRepoVersionModel.swift; sourceTree = SOURCE_ROOT; };
		968C768B21338BA300D6EBAA /* ArgumentsSwarmPeersModel.swift */ = {isa = PBXFileReference; fileEncoding = 4; lastKnownFileType = sourcecode.swift; name = ArgumentsSwarmPeersModel.swift; path = IpfsApi/Classes/ArgumentsSwarmPeersModel.swift; sourceTree = SOURCE_ROOT; };
		968C768C21338BA300D6EBAA /* ArgumentsDhtQueryModel.swift */ = {isa = PBXFileReference; fileEncoding = 4; lastKnownFileType = sourcecode.swift; name = ArgumentsDhtQueryModel.swift; path = IpfsApi/Classes/ArgumentsDhtQueryModel.swift; sourceTree = SOURCE_ROOT; };
		968C76F421338C8B00D6EBAA /* Moya.framework */ = {isa = PBXFileReference; lastKnownFileType = wrapper.framework; name = Moya.framework; path = Carthage/Build/iOS/Moya.framework; sourceTree = "<group>"; };
/* End PBXFileReference section */

/* Begin PBXFrameworksBuildPhase section */
		968C754C21338A2200D6EBAA /* Frameworks */ = {
			isa = PBXFrameworksBuildPhase;
			buildActionMask = 2147483647;
			files = (
				968C76F521338C8B00D6EBAA /* Moya.framework in Frameworks */,
			);
			runOnlyForDeploymentPostprocessing = 0;
		};
/* End PBXFrameworksBuildPhase section */

/* Begin PBXGroup section */
		968C754621338A2200D6EBAA = {
			isa = PBXGroup;
			children = (
				968C755221338A2200D6EBAA /* ios-ipfs-api */,
				968C755121338A2200D6EBAA /* Products */,
				968C76F321338C8A00D6EBAA /* Frameworks */,
			);
			sourceTree = "<group>";
		};
		968C755121338A2200D6EBAA /* Products */ = {
			isa = PBXGroup;
			children = (
				968C755021338A2200D6EBAA /* ios_ipfs_api.framework */,
			);
			name = Products;
			sourceTree = "<group>";
		};
		968C755221338A2200D6EBAA /* ios-ipfs-api */ = {
			isa = PBXGroup;
			children = (
				968C755321338A2200D6EBAA /* ios_ipfs_api.h */,
				968C762D21338B8E00D6EBAA /* AddressModel.swift */,
				968C768221338BA000D6EBAA /* ArgumentsAddModel.swift */,
				968C765421338B9600D6EBAA /* ArgumentsBlockPutModel.swift */,
				968C762A21338B8E00D6EBAA /* ArgumentsBlockRmModel.swift */,
				968C765121338B9500D6EBAA /* ArgumentsDagPutModel.swift */,
				968C764521338B9200D6EBAA /* ArgumentsDhtFindpeerModel.swift */,
				968C767721338B9E00D6EBAA /* ArgumentsDhtFindprovsModel.swift */,
				968C763C21338B9100D6EBAA /* ArgumentsDhtGetModel.swift */,
				968C766321338B9900D6EBAA /* ArgumentsDhtProvideModel.swift */,
				968C767121338B9C00D6EBAA /* ArgumentsDhtPutModel.swift */,
				968C768C21338BA300D6EBAA /* ArgumentsDhtQueryModel.swift */,
				968C768421338BA100D6EBAA /* ArgumentsDnsModel.swift */,
				968C767821338B9E00D6EBAA /* ArgumentsFilesCpModel.swift */,
				968C768021338BA000D6EBAA /* ArgumentsFilesLsModel.swift */,
				968C765921338B9700D6EBAA /* ArgumentsFilesMkdirModel.swift */,
				968C765F21338B9800D6EBAA /* ArgumentsFilesMvModel.swift */,
				968C766F21338B9C00D6EBAA /* ArgumentsFilesReadModel.swift */,
				968C764F21338B9500D6EBAA /* ArgumentsFilesRmModel.swift */,
				968C762B21338B8E00D6EBAA /* ArgumentsFilesStatModel.swift */,
				968C764621338B9200D6EBAA /* ArgumentsFilestoreLsModel.swift */,
				968C765621338B9600D6EBAA /* ArgumentsFilestoreVerifyModel.swift */,
				968C762721338B8D00D6EBAA /* ArgumentsFilesWriteModel.swift */,
				968C765221338B9500D6EBAA /* ArgumentsGetModel.swift */,
				968C764E21338B9400D6EBAA /* ArgumentsIdModel.swift */,
				968C764B21338B9400D6EBAA /* ArgumentsKeyGenModel.swift */,
				968C767D21338B9F00D6EBAA /* ArgumentsKeyRenameModel.swift */,
				968C763021338B8F00D6EBAA /* ArgumentsKeyRmModel.swift */,
				968C764921338B9300D6EBAA /* ArgumentsLogLevelModel.swift */,
				968C764021338B9100D6EBAA /* ArgumentsLsModel.swift */,
				968C766621338B9A00D6EBAA /* ArgumentsMountModel.swift */,
				968C763521338B8F00D6EBAA /* ArgumentsNamePublishModel.swift */,
				968C763F21338B9100D6EBAA /* ArgumentsNameResolveModel.swift */,
				968C762E21338B8E00D6EBAA /* ArgumentsObjectDiffModel.swift */,
				968C765021338B9500D6EBAA /* ArgumentsObjectLinksModel.swift */,
				968C766921338B9B00D6EBAA /* ArgumentsObjectPatchAddLinkModel.swift */,
				968C768521338BA100D6EBAA /* ArgumentsObjectPatchRmLinkModel.swift */,
				968C767F21338BA000D6EBAA /* ArgumentsObjectPutModel.swift */,
				968C765D21338B9800D6EBAA /* ArgumentsP2pListenerCloseModel.swift */,
				968C763821338B9000D6EBAA /* ArgumentsP2pListenerOpenModel.swift */,
				968C766721338B9A00D6EBAA /* ArgumentsP2pStreamCloseModel.swift */,
				968C768721338BA200D6EBAA /* ArgumentsP2pStreamDialModel.swift */,
				968C763E21338B9100D6EBAA /* ArgumentsPinAddModel.swift */,
				968C763D21338B9100D6EBAA /* ArgumentsPingModel.swift */,
				968C764721338B9300D6EBAA /* ArgumentsPinLsModel.swift */,
				968C766121338B9900D6EBAA /* ArgumentsPinRmModel.swift */,
				968C766421338B9900D6EBAA /* ArgumentsPinUpdateModel.swift */,
				968C765B21338B9700D6EBAA /* ArgumentsPinVerifyModel.swift */,
				968C766021338B9900D6EBAA /* ArgumentsPubsubPubModel.swift */,
				968C767E21338BA000D6EBAA /* ArgumentsPubsubSubModel.swift */,
				968C764421338B9200D6EBAA /* ArgumentsRepoGcModel.swift */,
				968C762821338B8E00D6EBAA /* ArgumentsResolveModel.swift */,
				968C767221338B9D00D6EBAA /* ArgumentsStatsBwModel.swift */,
				968C768B21338BA300D6EBAA /* ArgumentsSwarmPeersModel.swift */,
				968C762C21338B8E00D6EBAA /* ArgumentsVersionModel.swift */,
				968C765E21338B9800D6EBAA /* BlockModel.swift */,
				968C766821338B9A00D6EBAA /* CidModel.swift */,
				968C766E21338B9C00D6EBAA /* CommandModel.swift */,
				968C763121338B8F00D6EBAA /* CommandOptionsModel.swift */,
				968C762F21338B8E00D6EBAA /* DiffModel.swift */,
				968C764D21338B9400D6EBAA /* DiffsModel.swift */,
				968C764C21338B9400D6EBAA /* EntriesModel.swift */,
				968C763321338B8F00D6EBAA /* FileLsModel.swift */,
				968C767921338B9E00D6EBAA /* FilestoreObjectModel.swift */,
				968C767421338B9D00D6EBAA /* IAService.swift */,
				968C763721338B9000D6EBAA /* IDInfoModel.swift */,
				968C765521338B9600D6EBAA /* Ipfs.swift */,
				968C766221338B9900D6EBAA /* IPNSModel.swift */,
				968C766C21338B9B00D6EBAA /* KeypairModel.swift */,
				968C766D21338B9C00D6EBAA /* KeypairsModel.swift */,
				968C763221338B8F00D6EBAA /* KeysModel.swift */,
				968C768121338BA000D6EBAA /* ListenerModel.swift */,
				968C765321338B9600D6EBAA /* ListenersModel.swift */,
				968C766A21338B9B00D6EBAA /* LsModel.swift */,
				968C763A21338B9000D6EBAA /* MessageInfoModel.swift */,
				968C766B21338B9B00D6EBAA /* MessageModel.swift */,
				968C765A21338B9700D6EBAA /* MountModel.swift */,
				968C768921338BA200D6EBAA /* ObjectModel.swift */,
				968C764A21338B9300D6EBAA /* ObjectStatModel.swift */,
				968C768621338BA100D6EBAA /* PathModel.swift */,
				968C767321338B9D00D6EBAA /* PeerModel.swift */,
				968C767021338B9C00D6EBAA /* PeersModel.swift */,
				968C763621338B9000D6EBAA /* PinnedObjectsModel.swift */,
				968C764221338B9200D6EBAA /* PinsModel.swift */,
				968C763421338B8F00D6EBAA /* PinStatusModel.swift */,
				968C767A21338B9F00D6EBAA /* ReferenceModel.swift */,
				968C762921338B8E00D6EBAA /* ResponseBitswapLedgerModel.swift */,
				968C768821338BA200D6EBAA /* ResponseBitswapRmModel.swift */,
				968C765721338B9600D6EBAA /* ResponseBitswapStatModel.swift */,
				968C766521338B9A00D6EBAA /* ResponseDhtModel.swift */,
				968C767B21338B9F00D6EBAA /* ResponseMessageInfoModel.swift */,
				968C764821338B9300D6EBAA /* ResponsePingModel.swift */,
				968C763B21338B9000D6EBAA /* ResponsePinVerifyModel.swift */,
				968C765821338B9700D6EBAA /* ResponseRepoGcModel.swift */,
				968C768321338BA100D6EBAA /* ResponseRepoStatModel.swift */,
				968C764121338B9100D6EBAA /* ResponseRepoVerifyModel.swift */,
				968C768A21338BA200D6EBAA /* ResponseRepoVersionModel.swift */,
				968C767521338B9D00D6EBAA /* ResponseStatsBwModel.swift */,
				968C764321338B9200D6EBAA /* ResponseSwarmPeersModel.swift */,
				968C767C21338B9F00D6EBAA /* ResponseVersionModel.swift */,
				968C763921338B9000D6EBAA /* StreamModel.swift */,
				968C765C21338B9800D6EBAA /* StreamsModel.swift */,
				968C767621338B9E00D6EBAA /* StringsModel.swift */,
				968C755421338A2200D6EBAA /* Info.plist */,
			);
			path = "ios-ipfs-api";
			sourceTree = "<group>";
		};
		968C76F321338C8A00D6EBAA /* Frameworks */ = {
			isa = PBXGroup;
			children = (
				968C76F421338C8B00D6EBAA /* Moya.framework */,
			);
			name = Frameworks;
			sourceTree = "<group>";
		};
/* End PBXGroup section */

/* Begin PBXHeadersBuildPhase section */
		968C754D21338A2200D6EBAA /* Headers */ = {
			isa = PBXHeadersBuildPhase;
			buildActionMask = 2147483647;
			files = (
				968C755521338A2200D6EBAA /* ios_ipfs_api.h in Headers */,
			);
			runOnlyForDeploymentPostprocessing = 0;
		};
/* End PBXHeadersBuildPhase section */

/* Begin PBXNativeTarget section */
		968C754F21338A2200D6EBAA /* ios-ipfs-api */ = {
			isa = PBXNativeTarget;
			buildConfigurationList = 968C755821338A2200D6EBAA /* Build configuration list for PBXNativeTarget "ios-ipfs-api" */;
			buildPhases = (
				968C754B21338A2200D6EBAA /* Sources */,
				968C754C21338A2200D6EBAA /* Frameworks */,
				968C754D21338A2200D6EBAA /* Headers */,
				968C754E21338A2200D6EBAA /* Resources */,
				968C76F621338CA500D6EBAA /* ShellScript */,
				968C76F721338D0D00D6EBAA /* CopyFiles */,
			);
			buildRules = (
			);
			dependencies = (
			);
			name = "ios-ipfs-api";
			productName = "ios-ipfs-api";
			productReference = 968C755021338A2200D6EBAA /* ios_ipfs_api.framework */;
			productType = "com.apple.product-type.framework";
		};
/* End PBXNativeTarget section */

/* Begin PBXProject section */
		968C754721338A2200D6EBAA /* Project object */ = {
			isa = PBXProject;
			attributes = {
				LastUpgradeCheck = 0930;
				ORGANIZATIONNAME = jaylee;
				TargetAttributes = {
					968C754F21338A2200D6EBAA = {
						CreatedOnToolsVersion = 9.3;
						LastSwiftMigration = 0930;
					};
				};
			};
			buildConfigurationList = 968C754A21338A2200D6EBAA /* Build configuration list for PBXProject "ios-ipfs-api" */;
			compatibilityVersion = "Xcode 9.3";
			developmentRegion = en;
			hasScannedForEncodings = 0;
			knownRegions = (
				en,
			);
			mainGroup = 968C754621338A2200D6EBAA;
			productRefGroup = 968C755121338A2200D6EBAA /* Products */;
			projectDirPath = "";
			projectRoot = "";
			targets = (
				968C754F21338A2200D6EBAA /* ios-ipfs-api */,
			);
		};
/* End PBXProject section */

/* Begin PBXResourcesBuildPhase section */
		968C754E21338A2200D6EBAA /* Resources */ = {
			isa = PBXResourcesBuildPhase;
			buildActionMask = 2147483647;
			files = (
			);
			runOnlyForDeploymentPostprocessing = 0;
		};
/* End PBXResourcesBuildPhase section */

/* Begin PBXShellScriptBuildPhase section */
		968C76F621338CA500D6EBAA /* ShellScript */ = {
			isa = PBXShellScriptBuildPhase;
			buildActionMask = 8;
			files = (
			);
			inputPaths = (
				"$(SRCROOT)/Carthage/Build/iOS/Moya.framework",
			);
			outputPaths = (
			);
			runOnlyForDeploymentPostprocessing = 1;
			shellPath = "/usr/local/bin/carthage copy-frameworks\n/usr/local/bin/carthage copy-frameworks\n/usr/local/bin/carthage copy-frameworks";
			shellScript = "";
		};
/* End PBXShellScriptBuildPhase section */

/* Begin PBXSourcesBuildPhase section */
		968C754B21338A2200D6EBAA /* Sources */ = {
			isa = PBXSourcesBuildPhase;
			buildActionMask = 2147483647;
			files = (
				968C76B221338BA300D6EBAA /* EntriesModel.swift in Sources */,
				968C76D321338BA300D6EBAA /* KeypairsModel.swift in Sources */,
				968C769D21338BA300D6EBAA /* IDInfoModel.swift in Sources */,
				968C76D921338BA300D6EBAA /* PeerModel.swift in Sources */,
				968C769721338BA300D6EBAA /* CommandOptionsModel.swift in Sources */,
				968C76F021338BA300D6EBAA /* ResponseRepoVersionModel.swift in Sources */,
				968C76A921338BA300D6EBAA /* ResponseSwarmPeersModel.swift in Sources */,
				968C76D421338BA300D6EBAA /* CommandModel.swift in Sources */,
				968C76DE21338BA300D6EBAA /* ArgumentsFilesCpModel.swift in Sources */,
				968C76B321338BA300D6EBAA /* DiffsModel.swift in Sources */,
				968C76DC21338BA300D6EBAA /* StringsModel.swift in Sources */,
				968C769921338BA300D6EBAA /* FileLsModel.swift in Sources */,
				968C76B021338BA300D6EBAA /* ObjectStatModel.swift in Sources */,
				968C76B721338BA300D6EBAA /* ArgumentsDagPutModel.swift in Sources */,
				968C76EF21338BA300D6EBAA /* ObjectModel.swift in Sources */,
				968C76C721338BA300D6EBAA /* ArgumentsPinRmModel.swift in Sources */,
				968C76C921338BA300D6EBAA /* ArgumentsDhtProvideModel.swift in Sources */,
				968C76A621338BA300D6EBAA /* ArgumentsLsModel.swift in Sources */,
				968C76D221338BA300D6EBAA /* KeypairModel.swift in Sources */,
				968C76A521338BA300D6EBAA /* ArgumentsNameResolveModel.swift in Sources */,
				968C76A021338BA300D6EBAA /* MessageInfoModel.swift in Sources */,
				968C76A221338BA300D6EBAA /* ArgumentsDhtGetModel.swift in Sources */,
				968C76DB21338BA300D6EBAA /* ResponseStatsBwModel.swift in Sources */,
				968C76CE21338BA300D6EBAA /* CidModel.swift in Sources */,
				968C769421338BA300D6EBAA /* ArgumentsObjectDiffModel.swift in Sources */,
				968C76C621338BA300D6EBAA /* ArgumentsPubsubPubModel.swift in Sources */,
				968C76A121338BA300D6EBAA /* ResponsePinVerifyModel.swift in Sources */,
				968C76B421338BA300D6EBAA /* ArgumentsIdModel.swift in Sources */,
				968C76ED21338BA300D6EBAA /* ArgumentsP2pStreamDialModel.swift in Sources */,
				968C76BC21338BA300D6EBAA /* ArgumentsFilestoreVerifyModel.swift in Sources */,
				968C76E021338BA300D6EBAA /* ReferenceModel.swift in Sources */,
				968C76E921338BA300D6EBAA /* ResponseRepoStatModel.swift in Sources */,
				968C76A321338BA300D6EBAA /* ArgumentsPingModel.swift in Sources */,
				968C76B621338BA300D6EBAA /* ArgumentsObjectLinksModel.swift in Sources */,
				968C769F21338BA300D6EBAA /* StreamModel.swift in Sources */,
				968C76C021338BA300D6EBAA /* MountModel.swift in Sources */,
				968C76DD21338BA300D6EBAA /* ArgumentsDhtFindprovsModel.swift in Sources */,
				968C76A721338BA300D6EBAA /* ResponseRepoVerifyModel.swift in Sources */,
				968C76AC21338BA300D6EBAA /* ArgumentsFilestoreLsModel.swift in Sources */,
				968C76E321338BA300D6EBAA /* ArgumentsKeyRenameModel.swift in Sources */,
				968C769621338BA300D6EBAA /* ArgumentsKeyRmModel.swift in Sources */,
				968C769821338BA300D6EBAA /* KeysModel.swift in Sources */,
				968C76E821338BA300D6EBAA /* ArgumentsAddModel.swift in Sources */,
				968C76EC21338BA300D6EBAA /* PathModel.swift in Sources */,
				968C76C521338BA300D6EBAA /* ArgumentsFilesMvModel.swift in Sources */,
				968C76AE21338BA300D6EBAA /* ResponsePingModel.swift in Sources */,
				968C769A21338BA300D6EBAA /* PinStatusModel.swift in Sources */,
				968C76E621338BA300D6EBAA /* ArgumentsFilesLsModel.swift in Sources */,
				968C76AA21338BA300D6EBAA /* ArgumentsRepoGcModel.swift in Sources */,
				968C76B821338BA300D6EBAA /* ArgumentsGetModel.swift in Sources */,
				968C768D21338BA300D6EBAA /* ArgumentsFilesWriteModel.swift in Sources */,
				968C76E721338BA300D6EBAA /* ListenerModel.swift in Sources */,
				968C76B921338BA300D6EBAA /* ListenersModel.swift in Sources */,
				968C76E121338BA300D6EBAA /* ResponseMessageInfoModel.swift in Sources */,
				968C769521338BA300D6EBAA /* DiffModel.swift in Sources */,
				968C768F21338BA300D6EBAA /* ResponseBitswapLedgerModel.swift in Sources */,
				968C76C321338BA300D6EBAA /* ArgumentsP2pListenerCloseModel.swift in Sources */,
				968C76C121338BA300D6EBAA /* ArgumentsPinVerifyModel.swift in Sources */,
				968C76EB21338BA300D6EBAA /* ArgumentsObjectPatchRmLinkModel.swift in Sources */,
				968C76C221338BA300D6EBAA /* StreamsModel.swift in Sources */,
				968C76AF21338BA300D6EBAA /* ArgumentsLogLevelModel.swift in Sources */,
				968C76CB21338BA300D6EBAA /* ResponseDhtModel.swift in Sources */,
				968C76B121338BA300D6EBAA /* ArgumentsKeyGenModel.swift in Sources */,
				968C76AD21338BA300D6EBAA /* ArgumentsPinLsModel.swift in Sources */,
				968C769121338BA300D6EBAA /* ArgumentsFilesStatModel.swift in Sources */,
				968C769B21338BA300D6EBAA /* ArgumentsNamePublishModel.swift in Sources */,
				968C76D821338BA300D6EBAA /* ArgumentsStatsBwModel.swift in Sources */,
				968C76E421338BA300D6EBAA /* ArgumentsPubsubSubModel.swift in Sources */,
				968C76AB21338BA300D6EBAA /* ArgumentsDhtFindpeerModel.swift in Sources */,
				968C76CC21338BA300D6EBAA /* ArgumentsMountModel.swift in Sources */,
				968C76D021338BA300D6EBAA /* LsModel.swift in Sources */,
				968C76BF21338BA300D6EBAA /* ArgumentsFilesMkdirModel.swift in Sources */,
				968C76E521338BA300D6EBAA /* ArgumentsObjectPutModel.swift in Sources */,
				968C76C821338BA300D6EBAA /* IPNSModel.swift in Sources */,
				968C76B521338BA300D6EBAA /* ArgumentsFilesRmModel.swift in Sources */,
				968C769221338BA300D6EBAA /* ArgumentsVersionModel.swift in Sources */,
				968C76CA21338BA300D6EBAA /* ArgumentsPinUpdateModel.swift in Sources */,
				968C76D621338BA300D6EBAA /* PeersModel.swift in Sources */,
				968C769C21338BA300D6EBAA /* PinnedObjectsModel.swift in Sources */,
				968C76BD21338BA300D6EBAA /* ResponseBitswapStatModel.swift in Sources */,
				968C76BB21338BA300D6EBAA /* Ipfs.swift in Sources */,
				968C76E221338BA300D6EBAA /* ResponseVersionModel.swift in Sources */,
				968C76BE21338BA300D6EBAA /* ResponseRepoGcModel.swift in Sources */,
				968C768E21338BA300D6EBAA /* ArgumentsResolveModel.swift in Sources */,
				968C76DF21338BA300D6EBAA /* FilestoreObjectModel.swift in Sources */,
				968C76F121338BA300D6EBAA /* ArgumentsSwarmPeersModel.swift in Sources */,
				968C76D521338BA300D6EBAA /* ArgumentsFilesReadModel.swift in Sources */,
				968C76BA21338BA300D6EBAA /* ArgumentsBlockPutModel.swift in Sources */,
				968C76A421338BA300D6EBAA /* ArgumentsPinAddModel.swift in Sources */,
				968C76CF21338BA300D6EBAA /* ArgumentsObjectPatchAddLinkModel.swift in Sources */,
				968C76D721338BA300D6EBAA /* ArgumentsDhtPutModel.swift in Sources */,
				968C769321338BA300D6EBAA /* AddressModel.swift in Sources */,
				968C76DA21338BA300D6EBAA /* IAService.swift in Sources */,
				968C76EE21338BA300D6EBAA /* ResponseBitswapRmModel.swift in Sources */,
				968C76A821338BA300D6EBAA /* PinsModel.swift in Sources */,
				968C76D121338BA300D6EBAA /* MessageModel.swift in Sources */,
				968C76CD21338BA300D6EBAA /* ArgumentsP2pStreamCloseModel.swift in Sources */,
				968C76EA21338BA300D6EBAA /* ArgumentsDnsModel.swift in Sources */,
				968C769021338BA300D6EBAA /* ArgumentsBlockRmModel.swift in Sources */,
				968C769E21338BA300D6EBAA /* ArgumentsP2pListenerOpenModel.swift in Sources */,
				968C76F221338BA300D6EBAA /* ArgumentsDhtQueryModel.swift in Sources */,
				968C76C421338BA300D6EBAA /* BlockModel.swift in Sources */,
			);
			runOnlyForDeploymentPostprocessing = 0;
		};
/* End PBXSourcesBuildPhase section */

/* Begin XCBuildConfiguration section */
		968C755621338A2200D6EBAA /* Debug */ = {
			isa = XCBuildConfiguration;
			buildSettings = {
				ALWAYS_SEARCH_USER_PATHS = NO;
				CLANG_ANALYZER_NONNULL = YES;
				CLANG_ANALYZER_NUMBER_OBJECT_CONVERSION = YES_AGGRESSIVE;
				CLANG_CXX_LANGUAGE_STANDARD = "gnu++14";
				CLANG_CXX_LIBRARY = "libc++";
				CLANG_ENABLE_MODULES = YES;
				CLANG_ENABLE_OBJC_ARC = YES;
				CLANG_ENABLE_OBJC_WEAK = YES;
				CLANG_WARN_BLOCK_CAPTURE_AUTORELEASING = YES;
				CLANG_WARN_BOOL_CONVERSION = YES;
				CLANG_WARN_COMMA = YES;
				CLANG_WARN_CONSTANT_CONVERSION = YES;
				CLANG_WARN_DEPRECATED_OBJC_IMPLEMENTATIONS = YES;
				CLANG_WARN_DIRECT_OBJC_ISA_USAGE = YES_ERROR;
				CLANG_WARN_DOCUMENTATION_COMMENTS = YES;
				CLANG_WARN_EMPTY_BODY = YES;
				CLANG_WARN_ENUM_CONVERSION = YES;
				CLANG_WARN_INFINITE_RECURSION = YES;
				CLANG_WARN_INT_CONVERSION = YES;
				CLANG_WARN_NON_LITERAL_NULL_CONVERSION = YES;
				CLANG_WARN_OBJC_IMPLICIT_RETAIN_SELF = YES;
				CLANG_WARN_OBJC_LITERAL_CONVERSION = YES;
				CLANG_WARN_OBJC_ROOT_CLASS = YES_ERROR;
				CLANG_WARN_RANGE_LOOP_ANALYSIS = YES;
				CLANG_WARN_STRICT_PROTOTYPES = YES;
				CLANG_WARN_SUSPICIOUS_MOVE = YES;
				CLANG_WARN_UNGUARDED_AVAILABILITY = YES_AGGRESSIVE;
				CLANG_WARN_UNREACHABLE_CODE = YES;
				CLANG_WARN__DUPLICATE_METHOD_MATCH = YES;
				CODE_SIGN_IDENTITY = "iPhone Developer";
				COPY_PHASE_STRIP = NO;
				CURRENT_PROJECT_VERSION = 1;
				DEBUG_INFORMATION_FORMAT = dwarf;
				ENABLE_STRICT_OBJC_MSGSEND = YES;
				ENABLE_TESTABILITY = YES;
				GCC_C_LANGUAGE_STANDARD = gnu11;
				GCC_DYNAMIC_NO_PIC = NO;
				GCC_NO_COMMON_BLOCKS = YES;
				GCC_OPTIMIZATION_LEVEL = 0;
				GCC_PREPROCESSOR_DEFINITIONS = (
					"DEBUG=1",
					"$(inherited)",
				);
				GCC_WARN_64_TO_32_BIT_CONVERSION = YES;
				GCC_WARN_ABOUT_RETURN_TYPE = YES_ERROR;
				GCC_WARN_UNDECLARED_SELECTOR = YES;
				GCC_WARN_UNINITIALIZED_AUTOS = YES_AGGRESSIVE;
				GCC_WARN_UNUSED_FUNCTION = YES;
				GCC_WARN_UNUSED_VARIABLE = YES;
				IPHONEOS_DEPLOYMENT_TARGET = 11.3;
				MTL_ENABLE_DEBUG_INFO = YES;
				ONLY_ACTIVE_ARCH = YES;
				SDKROOT = iphoneos;
				SWIFT_ACTIVE_COMPILATION_CONDITIONS = DEBUG;
				SWIFT_OPTIMIZATION_LEVEL = "-Onone";
				VERSIONING_SYSTEM = "apple-generic";
				VERSION_INFO_PREFIX = "";
			};
			name = Debug;
		};
		968C755721338A2200D6EBAA /* Release */ = {
			isa = XCBuildConfiguration;
			buildSettings = {
				ALWAYS_SEARCH_USER_PATHS = NO;
				CLANG_ANALYZER_NONNULL = YES;
				CLANG_ANALYZER_NUMBER_OBJECT_CONVERSION = YES_AGGRESSIVE;
				CLANG_CXX_LANGUAGE_STANDARD = "gnu++14";
				CLANG_CXX_LIBRARY = "libc++";
				CLANG_ENABLE_MODULES = YES;
				CLANG_ENABLE_OBJC_ARC = YES;
				CLANG_ENABLE_OBJC_WEAK = YES;
				CLANG_WARN_BLOCK_CAPTURE_AUTORELEASING = YES;
				CLANG_WARN_BOOL_CONVERSION = YES;
				CLANG_WARN_COMMA = YES;
				CLANG_WARN_CONSTANT_CONVERSION = YES;
				CLANG_WARN_DEPRECATED_OBJC_IMPLEMENTATIONS = YES;
				CLANG_WARN_DIRECT_OBJC_ISA_USAGE = YES_ERROR;
				CLANG_WARN_DOCUMENTATION_COMMENTS = YES;
				CLANG_WARN_EMPTY_BODY = YES;
				CLANG_WARN_ENUM_CONVERSION = YES;
				CLANG_WARN_INFINITE_RECURSION = YES;
				CLANG_WARN_INT_CONVERSION = YES;
				CLANG_WARN_NON_LITERAL_NULL_CONVERSION = YES;
				CLANG_WARN_OBJC_IMPLICIT_RETAIN_SELF = YES;
				CLANG_WARN_OBJC_LITERAL_CONVERSION = YES;
				CLANG_WARN_OBJC_ROOT_CLASS = YES_ERROR;
				CLANG_WARN_RANGE_LOOP_ANALYSIS = YES;
				CLANG_WARN_STRICT_PROTOTYPES = YES;
				CLANG_WARN_SUSPICIOUS_MOVE = YES;
				CLANG_WARN_UNGUARDED_AVAILABILITY = YES_AGGRESSIVE;
				CLANG_WARN_UNREACHABLE_CODE = YES;
				CLANG_WARN__DUPLICATE_METHOD_MATCH = YES;
				CODE_SIGN_IDENTITY = "iPhone Developer";
				COPY_PHASE_STRIP = NO;
				CURRENT_PROJECT_VERSION = 1;
				DEBUG_INFORMATION_FORMAT = "dwarf-with-dsym";
				ENABLE_NS_ASSERTIONS = NO;
				ENABLE_STRICT_OBJC_MSGSEND = YES;
				GCC_C_LANGUAGE_STANDARD = gnu11;
				GCC_NO_COMMON_BLOCKS = YES;
				GCC_WARN_64_TO_32_BIT_CONVERSION = YES;
				GCC_WARN_ABOUT_RETURN_TYPE = YES_ERROR;
				GCC_WARN_UNDECLARED_SELECTOR = YES;
				GCC_WARN_UNINITIALIZED_AUTOS = YES_AGGRESSIVE;
				GCC_WARN_UNUSED_FUNCTION = YES;
				GCC_WARN_UNUSED_VARIABLE = YES;
				IPHONEOS_DEPLOYMENT_TARGET = 11.3;
				MTL_ENABLE_DEBUG_INFO = NO;
				SDKROOT = iphoneos;
				SWIFT_COMPILATION_MODE = wholemodule;
				SWIFT_OPTIMIZATION_LEVEL = "-O";
				VALIDATE_PRODUCT = YES;
				VERSIONING_SYSTEM = "apple-generic";
				VERSION_INFO_PREFIX = "";
			};
			name = Release;
		};
		968C755921338A2200D6EBAA /* Debug */ = {
			isa = XCBuildConfiguration;
			buildSettings = {
				CLANG_ENABLE_MODULES = YES;
				CODE_SIGN_IDENTITY = "";
				CODE_SIGN_STYLE = Automatic;
				DEFINES_MODULE = YES;
				DEVELOPMENT_TEAM = 45WU468FZE;
				DYLIB_COMPATIBILITY_VERSION = 1;
				DYLIB_CURRENT_VERSION = 1;
				DYLIB_INSTALL_NAME_BASE = "@rpath";
				FRAMEWORK_SEARCH_PATHS = (
					"$(inherited)",
					"$(PROJECT_DIR)/Carthage/Build/iOS",
				);
				INFOPLIST_FILE = "ios-ipfs-api/Info.plist";
				INSTALL_PATH = "$(LOCAL_LIBRARY_DIR)/Frameworks";
				LD_RUNPATH_SEARCH_PATHS = (
					"$(inherited)",
					"@executable_path/Frameworks",
					"@loader_path/Frameworks",
				);
				PRODUCT_BUNDLE_IDENTIFIER = "com.pipln.ios-ipfs-api";
				PRODUCT_NAME = "$(TARGET_NAME:c99extidentifier)";
				SKIP_INSTALL = YES;
				SWIFT_OPTIMIZATION_LEVEL = "-Onone";
				SWIFT_VERSION = 4.0;
				TARGETED_DEVICE_FAMILY = "1,2";
			};
			name = Debug;
		};
		968C755A21338A2200D6EBAA /* Release */ = {
			isa = XCBuildConfiguration;
			buildSettings = {
				CLANG_ENABLE_MODULES = YES;
				CODE_SIGN_IDENTITY = "";
				CODE_SIGN_STYLE = Automatic;
				DEFINES_MODULE = YES;
				DEVELOPMENT_TEAM = 45WU468FZE;
				DYLIB_COMPATIBILITY_VERSION = 1;
				DYLIB_CURRENT_VERSION = 1;
				DYLIB_INSTALL_NAME_BASE = "@rpath";
				FRAMEWORK_SEARCH_PATHS = (
					"$(inherited)",
					"$(PROJECT_DIR)/Carthage/Build/iOS",
				);
				INFOPLIST_FILE = "ios-ipfs-api/Info.plist";
				INSTALL_PATH = "$(LOCAL_LIBRARY_DIR)/Frameworks";
				LD_RUNPATH_SEARCH_PATHS = (
					"$(inherited)",
					"@executable_path/Frameworks",
					"@loader_path/Frameworks",
				);
				PRODUCT_BUNDLE_IDENTIFIER = "com.pipln.ios-ipfs-api";
				PRODUCT_NAME = "$(TARGET_NAME:c99extidentifier)";
				SKIP_INSTALL = YES;
				SWIFT_VERSION = 4.0;
				TARGETED_DEVICE_FAMILY = "1,2";
			};
			name = Release;
		};
/* End XCBuildConfiguration section */

/* Begin XCConfigurationList section */
		968C754A21338A2200D6EBAA /* Build configuration list for PBXProject "ios-ipfs-api" */ = {
			isa = XCConfigurationList;
			buildConfigurations = (
				968C755621338A2200D6EBAA /* Debug */,
				968C755721338A2200D6EBAA /* Release */,
			);
			defaultConfigurationIsVisible = 0;
			defaultConfigurationName = Release;
		};
		968C755821338A2200D6EBAA /* Build configuration list for PBXNativeTarget "ios-ipfs-api" */ = {
			isa = XCConfigurationList;
			buildConfigurations = (
				968C755921338A2200D6EBAA /* Debug */,
				968C755A21338A2200D6EBAA /* Release */,
			);
			defaultConfigurationIsVisible = 0;
			defaultConfigurationName = Release;
		};
/* End XCConfigurationList section */
	};
	rootObject = 968C754721338A2200D6EBAA /* Project object */;
}
