// !$*UTF8*$!
{
	archiveVersion = 1;
	classes = {
	};
	objectVersion = 50;
	objects = {

/* Begin PBXBuildFile section */
		96A8F2EF213F64AF00DAB354 /* ios_ipfs_api.h in Headers */ = {isa = PBXBuildFile; fileRef = 96A8F2ED213F64AF00DAB354 /* ios_ipfs_api.h */; settings = {ATTRIBUTES = (Public, ); }; };
		96A8F360213F64E700DAB354 /* ArgumentsDhtGetModel.swift in Sources */ = {isa = PBXBuildFile; fileRef = 96A8F2F7213F64E700DAB354 /* ArgumentsDhtGetModel.swift */; };
		96A8F361213F64E700DAB354 /* IAService.swift in Sources */ = {isa = PBXBuildFile; fileRef = 96A8F2F8213F64E700DAB354 /* IAService.swift */; };
		96A8F362213F64E700DAB354 /* ArgumentsFilesStatModel.swift in Sources */ = {isa = PBXBuildFile; fileRef = 96A8F2F9213F64E700DAB354 /* ArgumentsFilesStatModel.swift */; };
		96A8F363213F64E700DAB354 /* ArgumentsPinLsModel.swift in Sources */ = {isa = PBXBuildFile; fileRef = 96A8F2FA213F64E700DAB354 /* ArgumentsPinLsModel.swift */; };
		96A8F364213F64E700DAB354 /* MountModel.swift in Sources */ = {isa = PBXBuildFile; fileRef = 96A8F2FB213F64E700DAB354 /* MountModel.swift */; };
		96A8F365213F64E700DAB354 /* ArgumentsSwarmPeersModel.swift in Sources */ = {isa = PBXBuildFile; fileRef = 96A8F2FC213F64E700DAB354 /* ArgumentsSwarmPeersModel.swift */; };
		96A8F366213F64E700DAB354 /* ArgumentsRepoGcModel.swift in Sources */ = {isa = PBXBuildFile; fileRef = 96A8F2FD213F64E700DAB354 /* ArgumentsRepoGcModel.swift */; };
		96A8F367213F64E700DAB354 /* CommandOptionsModel.swift in Sources */ = {isa = PBXBuildFile; fileRef = 96A8F2FE213F64E700DAB354 /* CommandOptionsModel.swift */; };
		96A8F368213F64E700DAB354 /* ReferenceModel.swift in Sources */ = {isa = PBXBuildFile; fileRef = 96A8F2FF213F64E700DAB354 /* ReferenceModel.swift */; };
		96A8F369213F64E700DAB354 /* MessageModel.swift in Sources */ = {isa = PBXBuildFile; fileRef = 96A8F300213F64E700DAB354 /* MessageModel.swift */; };
		96A8F36A213F64E700DAB354 /* ArgumentsFilesMvModel.swift in Sources */ = {isa = PBXBuildFile; fileRef = 96A8F301213F64E700DAB354 /* ArgumentsFilesMvModel.swift */; };
		96A8F36B213F64E700DAB354 /* ArgumentsGetModel.swift in Sources */ = {isa = PBXBuildFile; fileRef = 96A8F302213F64E700DAB354 /* ArgumentsGetModel.swift */; };
		96A8F36C213F64E700DAB354 /* CommandModel.swift in Sources */ = {isa = PBXBuildFile; fileRef = 96A8F303213F64E700DAB354 /* CommandModel.swift */; };
		96A8F36D213F64E700DAB354 /* ArgumentsFilesCpModel.swift in Sources */ = {isa = PBXBuildFile; fileRef = 96A8F304213F64E700DAB354 /* ArgumentsFilesCpModel.swift */; };
		96A8F36E213F64E700DAB354 /* ArgumentsDagPutModel.swift in Sources */ = {isa = PBXBuildFile; fileRef = 96A8F305213F64E700DAB354 /* ArgumentsDagPutModel.swift */; };
		96A8F36F213F64E700DAB354 /* LsModel.swift in Sources */ = {isa = PBXBuildFile; fileRef = 96A8F306213F64E700DAB354 /* LsModel.swift */; };
		96A8F370213F64E700DAB354 /* ResponsePingModel.swift in Sources */ = {isa = PBXBuildFile; fileRef = 96A8F307213F64E700DAB354 /* ResponsePingModel.swift */; };
		96A8F371213F64E700DAB354 /* ArgumentsFilesRmModel.swift in Sources */ = {isa = PBXBuildFile; fileRef = 96A8F308213F64E700DAB354 /* ArgumentsFilesRmModel.swift */; };
		96A8F372213F64E700DAB354 /* PeersModel.swift in Sources */ = {isa = PBXBuildFile; fileRef = 96A8F309213F64E700DAB354 /* PeersModel.swift */; };
		96A8F373213F64E700DAB354 /* ArgumentsP2pListenerCloseModel.swift in Sources */ = {isa = PBXBuildFile; fileRef = 96A8F30A213F64E700DAB354 /* ArgumentsP2pListenerCloseModel.swift */; };
		96A8F374213F64E700DAB354 /* ListenersModel.swift in Sources */ = {isa = PBXBuildFile; fileRef = 96A8F30B213F64E700DAB354 /* ListenersModel.swift */; };
		96A8F375213F64E700DAB354 /* FilestoreObjectModel.swift in Sources */ = {isa = PBXBuildFile; fileRef = 96A8F30C213F64E700DAB354 /* FilestoreObjectModel.swift */; };
		96A8F376213F64E700DAB354 /* ArgumentsObjectPutModel.swift in Sources */ = {isa = PBXBuildFile; fileRef = 96A8F30D213F64E700DAB354 /* ArgumentsObjectPutModel.swift */; };
		96A8F377213F64E700DAB354 /* ResponseRepoVersionModel.swift in Sources */ = {isa = PBXBuildFile; fileRef = 96A8F30E213F64E700DAB354 /* ResponseRepoVersionModel.swift */; };
		96A8F378213F64E700DAB354 /* ArgumentsKeyRenameModel.swift in Sources */ = {isa = PBXBuildFile; fileRef = 96A8F30F213F64E700DAB354 /* ArgumentsKeyRenameModel.swift */; };
		96A8F379213F64E700DAB354 /* ResponseRepoVerifyModel.swift in Sources */ = {isa = PBXBuildFile; fileRef = 96A8F310213F64E700DAB354 /* ResponseRepoVerifyModel.swift */; };
		96A8F37A213F64E700DAB354 /* ListenerModel.swift in Sources */ = {isa = PBXBuildFile; fileRef = 96A8F311213F64E700DAB354 /* ListenerModel.swift */; };
		96A8F37B213F64E700DAB354 /* MessageInfoModel.swift in Sources */ = {isa = PBXBuildFile; fileRef = 96A8F312213F64E700DAB354 /* MessageInfoModel.swift */; };
		96A8F37C213F64E700DAB354 /* Ipfs.swift in Sources */ = {isa = PBXBuildFile; fileRef = 96A8F313213F64E700DAB354 /* Ipfs.swift */; };
		96A8F37D213F64E700DAB354 /* ArgumentsPinUpdateModel.swift in Sources */ = {isa = PBXBuildFile; fileRef = 96A8F314213F64E700DAB354 /* ArgumentsPinUpdateModel.swift */; };
		96A8F37E213F64E700DAB354 /* ArgumentsPinVerifyModel.swift in Sources */ = {isa = PBXBuildFile; fileRef = 96A8F315213F64E700DAB354 /* ArgumentsPinVerifyModel.swift */; };
		96A8F37F213F64E700DAB354 /* KeypairsModel.swift in Sources */ = {isa = PBXBuildFile; fileRef = 96A8F316213F64E700DAB354 /* KeypairsModel.swift */; };
		96A8F380213F64E700DAB354 /* ArgumentsObjectDiffModel.swift in Sources */ = {isa = PBXBuildFile; fileRef = 96A8F317213F64E700DAB354 /* ArgumentsObjectDiffModel.swift */; };
		96A8F381213F64E700DAB354 /* .gitkeep in Resources */ = {isa = PBXBuildFile; fileRef = 96A8F318213F64E700DAB354 /* .gitkeep */; };
		96A8F382213F64E700DAB354 /* ResponseVersionModel.swift in Sources */ = {isa = PBXBuildFile; fileRef = 96A8F319213F64E700DAB354 /* ResponseVersionModel.swift */; };
		96A8F383213F64E700DAB354 /* ResponseRepoStatModel.swift in Sources */ = {isa = PBXBuildFile; fileRef = 96A8F31A213F64E700DAB354 /* ResponseRepoStatModel.swift */; };
		96A8F384213F64E700DAB354 /* ArgumentsP2pStreamDialModel.swift in Sources */ = {isa = PBXBuildFile; fileRef = 96A8F31B213F64E700DAB354 /* ArgumentsP2pStreamDialModel.swift */; };
		96A8F385213F64E700DAB354 /* PathModel.swift in Sources */ = {isa = PBXBuildFile; fileRef = 96A8F31C213F64E700DAB354 /* PathModel.swift */; };
		96A8F386213F64E700DAB354 /* KeysModel.swift in Sources */ = {isa = PBXBuildFile; fileRef = 96A8F31D213F64E700DAB354 /* KeysModel.swift */; };
		96A8F387213F64E700DAB354 /* DiffModel.swift in Sources */ = {isa = PBXBuildFile; fileRef = 96A8F31E213F64E700DAB354 /* DiffModel.swift */; };
		96A8F388213F64E700DAB354 /* ArgumentsPubsubPubModel.swift in Sources */ = {isa = PBXBuildFile; fileRef = 96A8F31F213F64E700DAB354 /* ArgumentsPubsubPubModel.swift */; };
		96A8F389213F64E700DAB354 /* FileLsModel.swift in Sources */ = {isa = PBXBuildFile; fileRef = 96A8F320213F64E700DAB354 /* FileLsModel.swift */; };
		96A8F38A213F64E700DAB354 /* ArgumentsObjectPatchAddLinkModel.swift in Sources */ = {isa = PBXBuildFile; fileRef = 96A8F321213F64E700DAB354 /* ArgumentsObjectPatchAddLinkModel.swift */; };
		96A8F38B213F64E700DAB354 /* ArgumentsBlockRmModel.swift in Sources */ = {isa = PBXBuildFile; fileRef = 96A8F322213F64E700DAB354 /* ArgumentsBlockRmModel.swift */; };
		96A8F38C213F64E700DAB354 /* IPNSModel.swift in Sources */ = {isa = PBXBuildFile; fileRef = 96A8F323213F64E700DAB354 /* IPNSModel.swift */; };
		96A8F38D213F64E700DAB354 /* ResponseStatsBwModel.swift in Sources */ = {isa = PBXBuildFile; fileRef = 96A8F324213F64E700DAB354 /* ResponseStatsBwModel.swift */; };
		96A8F38E213F64E700DAB354 /* ResponseBitswapLedgerModel.swift in Sources */ = {isa = PBXBuildFile; fileRef = 96A8F325213F64E700DAB354 /* ResponseBitswapLedgerModel.swift */; };
		96A8F38F213F64E700DAB354 /* ArgumentsP2pStreamCloseModel.swift in Sources */ = {isa = PBXBuildFile; fileRef = 96A8F326213F64E700DAB354 /* ArgumentsP2pStreamCloseModel.swift */; };
		96A8F390213F64E700DAB354 /* ArgumentsKeyRmModel.swift in Sources */ = {isa = PBXBuildFile; fileRef = 96A8F327213F64E700DAB354 /* ArgumentsKeyRmModel.swift */; };
		96A8F391213F64E700DAB354 /* ObjectStatModel.swift in Sources */ = {isa = PBXBuildFile; fileRef = 96A8F328213F64E700DAB354 /* ObjectStatModel.swift */; };
		96A8F392213F64E700DAB354 /* ArgumentsAddModel.swift in Sources */ = {isa = PBXBuildFile; fileRef = 96A8F329213F64E700DAB354 /* ArgumentsAddModel.swift */; };
		96A8F393213F64E700DAB354 /* ArgumentsIdModel.swift in Sources */ = {isa = PBXBuildFile; fileRef = 96A8F32A213F64E700DAB354 /* ArgumentsIdModel.swift */; };
		96A8F394213F64E700DAB354 /* ArgumentsDnsModel.swift in Sources */ = {isa = PBXBuildFile; fileRef = 96A8F32B213F64E700DAB354 /* ArgumentsDnsModel.swift */; };
		96A8F395213F64E700DAB354 /* ArgumentsBlockPutModel.swift in Sources */ = {isa = PBXBuildFile; fileRef = 96A8F32C213F64E700DAB354 /* ArgumentsBlockPutModel.swift */; };
		96A8F396213F64E700DAB354 /* DiffsModel.swift in Sources */ = {isa = PBXBuildFile; fileRef = 96A8F32D213F64E700DAB354 /* DiffsModel.swift */; };
		96A8F397213F64E700DAB354 /* ArgumentsMountModel.swift in Sources */ = {isa = PBXBuildFile; fileRef = 96A8F32E213F64E700DAB354 /* ArgumentsMountModel.swift */; };
		96A8F398213F64E700DAB354 /* IDInfoModel.swift in Sources */ = {isa = PBXBuildFile; fileRef = 96A8F32F213F64E700DAB354 /* IDInfoModel.swift */; };
		96A8F399213F64E700DAB354 /* ResponseBitswapRmModel.swift in Sources */ = {isa = PBXBuildFile; fileRef = 96A8F330213F64E700DAB354 /* ResponseBitswapRmModel.swift */; };
		96A8F39A213F64E700DAB354 /* ArgumentsP2pListenerOpenModel.swift in Sources */ = {isa = PBXBuildFile; fileRef = 96A8F331213F64E700DAB354 /* ArgumentsP2pListenerOpenModel.swift */; };
		96A8F39B213F64E700DAB354 /* StreamsModel.swift in Sources */ = {isa = PBXBuildFile; fileRef = 96A8F332213F64E700DAB354 /* StreamsModel.swift */; };
		96A8F39C213F64E700DAB354 /* CidModel.swift in Sources */ = {isa = PBXBuildFile; fileRef = 96A8F333213F64E700DAB354 /* CidModel.swift */; };
		96A8F39D213F64E700DAB354 /* ArgumentsFilesLsModel.swift in Sources */ = {isa = PBXBuildFile; fileRef = 96A8F334213F64E700DAB354 /* ArgumentsFilesLsModel.swift */; };
		96A8F39E213F64E700DAB354 /* ArgumentsFilestoreLsModel.swift in Sources */ = {isa = PBXBuildFile; fileRef = 96A8F335213F64E700DAB354 /* ArgumentsFilestoreLsModel.swift */; };
		96A8F39F213F64E700DAB354 /* ArgumentsFilestoreVerifyModel.swift in Sources */ = {isa = PBXBuildFile; fileRef = 96A8F336213F64E700DAB354 /* ArgumentsFilestoreVerifyModel.swift */; };
		96A8F3A0213F64E700DAB354 /* ResponseSwarmPeersModel.swift in Sources */ = {isa = PBXBuildFile; fileRef = 96A8F337213F64E700DAB354 /* ResponseSwarmPeersModel.swift */; };
		96A8F3A1213F64E700DAB354 /* ArgumentsDhtQueryModel.swift in Sources */ = {isa = PBXBuildFile; fileRef = 96A8F338213F64E700DAB354 /* ArgumentsDhtQueryModel.swift */; };
		96A8F3A2213F64E700DAB354 /* ObjectModel.swift in Sources */ = {isa = PBXBuildFile; fileRef = 96A8F339213F64E700DAB354 /* ObjectModel.swift */; };
		96A8F3A3213F64E700DAB354 /* KeypairModel.swift in Sources */ = {isa = PBXBuildFile; fileRef = 96A8F33A213F64E700DAB354 /* KeypairModel.swift */; };
		96A8F3A4213F64E700DAB354 /* ArgumentsPubsubSubModel.swift in Sources */ = {isa = PBXBuildFile; fileRef = 96A8F33B213F64E700DAB354 /* ArgumentsPubsubSubModel.swift */; };
		96A8F3A5213F64E700DAB354 /* ArgumentsObjectPatchRmLinkModel.swift in Sources */ = {isa = PBXBuildFile; fileRef = 96A8F33C213F64E700DAB354 /* ArgumentsObjectPatchRmLinkModel.swift */; };
		96A8F3A6213F64E700DAB354 /* ArgumentsKeyGenModel.swift in Sources */ = {isa = PBXBuildFile; fileRef = 96A8F33D213F64E700DAB354 /* ArgumentsKeyGenModel.swift */; };
		96A8F3A7213F64E700DAB354 /* ArgumentsNameResolveModel.swift in Sources */ = {isa = PBXBuildFile; fileRef = 96A8F33E213F64E700DAB354 /* ArgumentsNameResolveModel.swift */; };
		96A8F3A8213F64E700DAB354 /* ArgumentsNamePublishModel.swift in Sources */ = {isa = PBXBuildFile; fileRef = 96A8F33F213F64E700DAB354 /* ArgumentsNamePublishModel.swift */; };
		96A8F3A9213F64E700DAB354 /* PinStatusModel.swift in Sources */ = {isa = PBXBuildFile; fileRef = 96A8F340213F64E700DAB354 /* PinStatusModel.swift */; };
		96A8F3AA213F64E700DAB354 /* ArgumentsFilesReadModel.swift in Sources */ = {isa = PBXBuildFile; fileRef = 96A8F341213F64E700DAB354 /* ArgumentsFilesReadModel.swift */; };
		96A8F3AB213F64E700DAB354 /* ArgumentsPinRmModel.swift in Sources */ = {isa = PBXBuildFile; fileRef = 96A8F342213F64E700DAB354 /* ArgumentsPinRmModel.swift */; };
		96A8F3AC213F64E700DAB354 /* ArgumentsDhtProvideModel.swift in Sources */ = {isa = PBXBuildFile; fileRef = 96A8F343213F64E700DAB354 /* ArgumentsDhtProvideModel.swift */; };
		96A8F3AD213F64E700DAB354 /* ResponseMessageInfoModel.swift in Sources */ = {isa = PBXBuildFile; fileRef = 96A8F344213F64E700DAB354 /* ResponseMessageInfoModel.swift */; };
		96A8F3AE213F64E700DAB354 /* ArgumentsPinAddModel.swift in Sources */ = {isa = PBXBuildFile; fileRef = 96A8F345213F64E700DAB354 /* ArgumentsPinAddModel.swift */; };
		96A8F3AF213F64E700DAB354 /* PinnedObjectsModel.swift in Sources */ = {isa = PBXBuildFile; fileRef = 96A8F346213F64E700DAB354 /* PinnedObjectsModel.swift */; };
		96A8F3B0213F64E700DAB354 /* ArgumentsDhtFindprovsModel.swift in Sources */ = {isa = PBXBuildFile; fileRef = 96A8F347213F64E700DAB354 /* ArgumentsDhtFindprovsModel.swift */; };
		96A8F3B1213F64E700DAB354 /* StreamModel.swift in Sources */ = {isa = PBXBuildFile; fileRef = 96A8F348213F64E700DAB354 /* StreamModel.swift */; };
		96A8F3B2213F64E700DAB354 /* ArgumentsFilesMkdirModel.swift in Sources */ = {isa = PBXBuildFile; fileRef = 96A8F349213F64E700DAB354 /* ArgumentsFilesMkdirModel.swift */; };
		96A8F3B3213F64E700DAB354 /* ArgumentsLsModel.swift in Sources */ = {isa = PBXBuildFile; fileRef = 96A8F34A213F64E700DAB354 /* ArgumentsLsModel.swift */; };
		96A8F3B4213F64E700DAB354 /* ResponsePinVerifyModel.swift in Sources */ = {isa = PBXBuildFile; fileRef = 96A8F34B213F64E700DAB354 /* ResponsePinVerifyModel.swift */; };
		96A8F3B5213F64E700DAB354 /* StringsModel.swift in Sources */ = {isa = PBXBuildFile; fileRef = 96A8F34C213F64E700DAB354 /* StringsModel.swift */; };
		96A8F3B6213F64E700DAB354 /* ArgumentsVersionModel.swift in Sources */ = {isa = PBXBuildFile; fileRef = 96A8F34D213F64E700DAB354 /* ArgumentsVersionModel.swift */; };
		96A8F3B7213F64E700DAB354 /* PeerModel.swift in Sources */ = {isa = PBXBuildFile; fileRef = 96A8F34E213F64E700DAB354 /* PeerModel.swift */; };
		96A8F3B8213F64E700DAB354 /* ArgumentsDhtPutModel.swift in Sources */ = {isa = PBXBuildFile; fileRef = 96A8F34F213F64E700DAB354 /* ArgumentsDhtPutModel.swift */; };
		96A8F3B9213F64E700DAB354 /* EntriesModel.swift in Sources */ = {isa = PBXBuildFile; fileRef = 96A8F350213F64E700DAB354 /* EntriesModel.swift */; };
		96A8F3BA213F64E700DAB354 /* ArgumentsDhtFindpeerModel.swift in Sources */ = {isa = PBXBuildFile; fileRef = 96A8F351213F64E700DAB354 /* ArgumentsDhtFindpeerModel.swift */; };
		96A8F3BB213F64E700DAB354 /* BlockModel.swift in Sources */ = {isa = PBXBuildFile; fileRef = 96A8F352213F64E700DAB354 /* BlockModel.swift */; };
		96A8F3BC213F64E700DAB354 /* ArgumentsFilesWriteModel.swift in Sources */ = {isa = PBXBuildFile; fileRef = 96A8F353213F64E700DAB354 /* ArgumentsFilesWriteModel.swift */; };
		96A8F3BD213F64E700DAB354 /* ArgumentsLogLevelModel.swift in Sources */ = {isa = PBXBuildFile; fileRef = 96A8F354213F64E700DAB354 /* ArgumentsLogLevelModel.swift */; };
		96A8F3BE213F64E700DAB354 /* ArgumentsPingModel.swift in Sources */ = {isa = PBXBuildFile; fileRef = 96A8F355213F64E700DAB354 /* ArgumentsPingModel.swift */; };
		96A8F3BF213F64E700DAB354 /* ResponseDhtModel.swift in Sources */ = {isa = PBXBuildFile; fileRef = 96A8F356213F64E700DAB354 /* ResponseDhtModel.swift */; };
		96A8F3C0213F64E700DAB354 /* AddressModel.swift in Sources */ = {isa = PBXBuildFile; fileRef = 96A8F357213F64E700DAB354 /* AddressModel.swift */; };
		96A8F3C1213F64E700DAB354 /* ArgumentsResolveModel.swift in Sources */ = {isa = PBXBuildFile; fileRef = 96A8F358213F64E700DAB354 /* ArgumentsResolveModel.swift */; };
		96A8F3C2213F64E700DAB354 /* ArgumentsObjectLinksModel.swift in Sources */ = {isa = PBXBuildFile; fileRef = 96A8F359213F64E700DAB354 /* ArgumentsObjectLinksModel.swift */; };
		96A8F3C3213F64E700DAB354 /* ResponseRepoGcModel.swift in Sources */ = {isa = PBXBuildFile; fileRef = 96A8F35A213F64E700DAB354 /* ResponseRepoGcModel.swift */; };
		96A8F3C4213F64E700DAB354 /* ResponseBitswapStatModel.swift in Sources */ = {isa = PBXBuildFile; fileRef = 96A8F35B213F64E700DAB354 /* ResponseBitswapStatModel.swift */; };
		96A8F3C5213F64E700DAB354 /* ArgumentsStatsBwModel.swift in Sources */ = {isa = PBXBuildFile; fileRef = 96A8F35C213F64E700DAB354 /* ArgumentsStatsBwModel.swift */; };
		96A8F3C6213F64E700DAB354 /* PinsModel.swift in Sources */ = {isa = PBXBuildFile; fileRef = 96A8F35D213F64E700DAB354 /* PinsModel.swift */; };
		96A8F3C7213F64E700DAB354 /* .gitkeep in Resources */ = {isa = PBXBuildFile; fileRef = 96A8F35F213F64E700DAB354 /* .gitkeep */; };
		96A8F3CA213F680700DAB354 /* Moya.framework in Frameworks */ = {isa = PBXBuildFile; fileRef = 96A8F3C9213F680700DAB354 /* Moya.framework */; };
/* End PBXBuildFile section */

/* Begin PBXFileReference section */
		96A8F2EA213F64AF00DAB354 /* ios_ipfs_api.framework */ = {isa = PBXFileReference; explicitFileType = wrapper.framework; includeInIndex = 0; path = ios_ipfs_api.framework; sourceTree = BUILT_PRODUCTS_DIR; };
		96A8F2ED213F64AF00DAB354 /* ios_ipfs_api.h */ = {isa = PBXFileReference; lastKnownFileType = sourcecode.c.h; path = ios_ipfs_api.h; sourceTree = "<group>"; };
		96A8F2EE213F64AF00DAB354 /* Info.plist */ = {isa = PBXFileReference; lastKnownFileType = text.plist.xml; path = Info.plist; sourceTree = "<group>"; };
		96A8F2F7213F64E700DAB354 /* ArgumentsDhtGetModel.swift */ = {isa = PBXFileReference; fileEncoding = 4; lastKnownFileType = sourcecode.swift; path = ArgumentsDhtGetModel.swift; sourceTree = "<group>"; };
		96A8F2F8213F64E700DAB354 /* IAService.swift */ = {isa = PBXFileReference; fileEncoding = 4; lastKnownFileType = sourcecode.swift; path = IAService.swift; sourceTree = "<group>"; };
		96A8F2F9213F64E700DAB354 /* ArgumentsFilesStatModel.swift */ = {isa = PBXFileReference; fileEncoding = 4; lastKnownFileType = sourcecode.swift; path = ArgumentsFilesStatModel.swift; sourceTree = "<group>"; };
		96A8F2FA213F64E700DAB354 /* ArgumentsPinLsModel.swift */ = {isa = PBXFileReference; fileEncoding = 4; lastKnownFileType = sourcecode.swift; path = ArgumentsPinLsModel.swift; sourceTree = "<group>"; };
		96A8F2FB213F64E700DAB354 /* MountModel.swift */ = {isa = PBXFileReference; fileEncoding = 4; lastKnownFileType = sourcecode.swift; path = MountModel.swift; sourceTree = "<group>"; };
		96A8F2FC213F64E700DAB354 /* ArgumentsSwarmPeersModel.swift */ = {isa = PBXFileReference; fileEncoding = 4; lastKnownFileType = sourcecode.swift; path = ArgumentsSwarmPeersModel.swift; sourceTree = "<group>"; };
		96A8F2FD213F64E700DAB354 /* ArgumentsRepoGcModel.swift */ = {isa = PBXFileReference; fileEncoding = 4; lastKnownFileType = sourcecode.swift; path = ArgumentsRepoGcModel.swift; sourceTree = "<group>"; };
		96A8F2FE213F64E700DAB354 /* CommandOptionsModel.swift */ = {isa = PBXFileReference; fileEncoding = 4; lastKnownFileType = sourcecode.swift; path = CommandOptionsModel.swift; sourceTree = "<group>"; };
		96A8F2FF213F64E700DAB354 /* ReferenceModel.swift */ = {isa = PBXFileReference; fileEncoding = 4; lastKnownFileType = sourcecode.swift; path = ReferenceModel.swift; sourceTree = "<group>"; };
		96A8F300213F64E700DAB354 /* MessageModel.swift */ = {isa = PBXFileReference; fileEncoding = 4; lastKnownFileType = sourcecode.swift; path = MessageModel.swift; sourceTree = "<group>"; };
		96A8F301213F64E700DAB354 /* ArgumentsFilesMvModel.swift */ = {isa = PBXFileReference; fileEncoding = 4; lastKnownFileType = sourcecode.swift; path = ArgumentsFilesMvModel.swift; sourceTree = "<group>"; };
		96A8F302213F64E700DAB354 /* ArgumentsGetModel.swift */ = {isa = PBXFileReference; fileEncoding = 4; lastKnownFileType = sourcecode.swift; path = ArgumentsGetModel.swift; sourceTree = "<group>"; };
		96A8F303213F64E700DAB354 /* CommandModel.swift */ = {isa = PBXFileReference; fileEncoding = 4; lastKnownFileType = sourcecode.swift; path = CommandModel.swift; sourceTree = "<group>"; };
		96A8F304213F64E700DAB354 /* ArgumentsFilesCpModel.swift */ = {isa = PBXFileReference; fileEncoding = 4; lastKnownFileType = sourcecode.swift; path = ArgumentsFilesCpModel.swift; sourceTree = "<group>"; };
		96A8F305213F64E700DAB354 /* ArgumentsDagPutModel.swift */ = {isa = PBXFileReference; fileEncoding = 4; lastKnownFileType = sourcecode.swift; path = ArgumentsDagPutModel.swift; sourceTree = "<group>"; };
		96A8F306213F64E700DAB354 /* LsModel.swift */ = {isa = PBXFileReference; fileEncoding = 4; lastKnownFileType = sourcecode.swift; path = LsModel.swift; sourceTree = "<group>"; };
		96A8F307213F64E700DAB354 /* ResponsePingModel.swift */ = {isa = PBXFileReference; fileEncoding = 4; lastKnownFileType = sourcecode.swift; path = ResponsePingModel.swift; sourceTree = "<group>"; };
		96A8F308213F64E700DAB354 /* ArgumentsFilesRmModel.swift */ = {isa = PBXFileReference; fileEncoding = 4; lastKnownFileType = sourcecode.swift; path = ArgumentsFilesRmModel.swift; sourceTree = "<group>"; };
		96A8F309213F64E700DAB354 /* PeersModel.swift */ = {isa = PBXFileReference; fileEncoding = 4; lastKnownFileType = sourcecode.swift; path = PeersModel.swift; sourceTree = "<group>"; };
		96A8F30A213F64E700DAB354 /* ArgumentsP2pListenerCloseModel.swift */ = {isa = PBXFileReference; fileEncoding = 4; lastKnownFileType = sourcecode.swift; path = ArgumentsP2pListenerCloseModel.swift; sourceTree = "<group>"; };
		96A8F30B213F64E700DAB354 /* ListenersModel.swift */ = {isa = PBXFileReference; fileEncoding = 4; lastKnownFileType = sourcecode.swift; path = ListenersModel.swift; sourceTree = "<group>"; };
		96A8F30C213F64E700DAB354 /* FilestoreObjectModel.swift */ = {isa = PBXFileReference; fileEncoding = 4; lastKnownFileType = sourcecode.swift; path = FilestoreObjectModel.swift; sourceTree = "<group>"; };
		96A8F30D213F64E700DAB354 /* ArgumentsObjectPutModel.swift */ = {isa = PBXFileReference; fileEncoding = 4; lastKnownFileType = sourcecode.swift; path = ArgumentsObjectPutModel.swift; sourceTree = "<group>"; };
		96A8F30E213F64E700DAB354 /* ResponseRepoVersionModel.swift */ = {isa = PBXFileReference; fileEncoding = 4; lastKnownFileType = sourcecode.swift; path = ResponseRepoVersionModel.swift; sourceTree = "<group>"; };
		96A8F30F213F64E700DAB354 /* ArgumentsKeyRenameModel.swift */ = {isa = PBXFileReference; fileEncoding = 4; lastKnownFileType = sourcecode.swift; path = ArgumentsKeyRenameModel.swift; sourceTree = "<group>"; };
		96A8F310213F64E700DAB354 /* ResponseRepoVerifyModel.swift */ = {isa = PBXFileReference; fileEncoding = 4; lastKnownFileType = sourcecode.swift; path = ResponseRepoVerifyModel.swift; sourceTree = "<group>"; };
		96A8F311213F64E700DAB354 /* ListenerModel.swift */ = {isa = PBXFileReference; fileEncoding = 4; lastKnownFileType = sourcecode.swift; path = ListenerModel.swift; sourceTree = "<group>"; };
		96A8F312213F64E700DAB354 /* MessageInfoModel.swift */ = {isa = PBXFileReference; fileEncoding = 4; lastKnownFileType = sourcecode.swift; path = MessageInfoModel.swift; sourceTree = "<group>"; };
		96A8F313213F64E700DAB354 /* Ipfs.swift */ = {isa = PBXFileReference; fileEncoding = 4; lastKnownFileType = sourcecode.swift; path = Ipfs.swift; sourceTree = "<group>"; };
		96A8F314213F64E700DAB354 /* ArgumentsPinUpdateModel.swift */ = {isa = PBXFileReference; fileEncoding = 4; lastKnownFileType = sourcecode.swift; path = ArgumentsPinUpdateModel.swift; sourceTree = "<group>"; };
		96A8F315213F64E700DAB354 /* ArgumentsPinVerifyModel.swift */ = {isa = PBXFileReference; fileEncoding = 4; lastKnownFileType = sourcecode.swift; path = ArgumentsPinVerifyModel.swift; sourceTree = "<group>"; };
		96A8F316213F64E700DAB354 /* KeypairsModel.swift */ = {isa = PBXFileReference; fileEncoding = 4; lastKnownFileType = sourcecode.swift; path = KeypairsModel.swift; sourceTree = "<group>"; };
		96A8F317213F64E700DAB354 /* ArgumentsObjectDiffModel.swift */ = {isa = PBXFileReference; fileEncoding = 4; lastKnownFileType = sourcecode.swift; path = ArgumentsObjectDiffModel.swift; sourceTree = "<group>"; };
		96A8F318213F64E700DAB354 /* .gitkeep */ = {isa = PBXFileReference; fileEncoding = 4; lastKnownFileType = text; path = .gitkeep; sourceTree = "<group>"; };
		96A8F319213F64E700DAB354 /* ResponseVersionModel.swift */ = {isa = PBXFileReference; fileEncoding = 4; lastKnownFileType = sourcecode.swift; path = ResponseVersionModel.swift; sourceTree = "<group>"; };
		96A8F31A213F64E700DAB354 /* ResponseRepoStatModel.swift */ = {isa = PBXFileReference; fileEncoding = 4; lastKnownFileType = sourcecode.swift; path = ResponseRepoStatModel.swift; sourceTree = "<group>"; };
		96A8F31B213F64E700DAB354 /* ArgumentsP2pStreamDialModel.swift */ = {isa = PBXFileReference; fileEncoding = 4; lastKnownFileType = sourcecode.swift; path = ArgumentsP2pStreamDialModel.swift; sourceTree = "<group>"; };
		96A8F31C213F64E700DAB354 /* PathModel.swift */ = {isa = PBXFileReference; fileEncoding = 4; lastKnownFileType = sourcecode.swift; path = PathModel.swift; sourceTree = "<group>"; };
		96A8F31D213F64E700DAB354 /* KeysModel.swift */ = {isa = PBXFileReference; fileEncoding = 4; lastKnownFileType = sourcecode.swift; path = KeysModel.swift; sourceTree = "<group>"; };
		96A8F31E213F64E700DAB354 /* DiffModel.swift */ = {isa = PBXFileReference; fileEncoding = 4; lastKnownFileType = sourcecode.swift; path = DiffModel.swift; sourceTree = "<group>"; };
		96A8F31F213F64E700DAB354 /* ArgumentsPubsubPubModel.swift */ = {isa = PBXFileReference; fileEncoding = 4; lastKnownFileType = sourcecode.swift; path = ArgumentsPubsubPubModel.swift; sourceTree = "<group>"; };
		96A8F320213F64E700DAB354 /* FileLsModel.swift */ = {isa = PBXFileReference; fileEncoding = 4; lastKnownFileType = sourcecode.swift; path = FileLsModel.swift; sourceTree = "<group>"; };
		96A8F321213F64E700DAB354 /* ArgumentsObjectPatchAddLinkModel.swift */ = {isa = PBXFileReference; fileEncoding = 4; lastKnownFileType = sourcecode.swift; path = ArgumentsObjectPatchAddLinkModel.swift; sourceTree = "<group>"; };
		96A8F322213F64E700DAB354 /* ArgumentsBlockRmModel.swift */ = {isa = PBXFileReference; fileEncoding = 4; lastKnownFileType = sourcecode.swift; path = ArgumentsBlockRmModel.swift; sourceTree = "<group>"; };
		96A8F323213F64E700DAB354 /* IPNSModel.swift */ = {isa = PBXFileReference; fileEncoding = 4; lastKnownFileType = sourcecode.swift; path = IPNSModel.swift; sourceTree = "<group>"; };
		96A8F324213F64E700DAB354 /* ResponseStatsBwModel.swift */ = {isa = PBXFileReference; fileEncoding = 4; lastKnownFileType = sourcecode.swift; path = ResponseStatsBwModel.swift; sourceTree = "<group>"; };
		96A8F325213F64E700DAB354 /* ResponseBitswapLedgerModel.swift */ = {isa = PBXFileReference; fileEncoding = 4; lastKnownFileType = sourcecode.swift; path = ResponseBitswapLedgerModel.swift; sourceTree = "<group>"; };
		96A8F326213F64E700DAB354 /* ArgumentsP2pStreamCloseModel.swift */ = {isa = PBXFileReference; fileEncoding = 4; lastKnownFileType = sourcecode.swift; path = ArgumentsP2pStreamCloseModel.swift; sourceTree = "<group>"; };
		96A8F327213F64E700DAB354 /* ArgumentsKeyRmModel.swift */ = {isa = PBXFileReference; fileEncoding = 4; lastKnownFileType = sourcecode.swift; path = ArgumentsKeyRmModel.swift; sourceTree = "<group>"; };
		96A8F328213F64E700DAB354 /* ObjectStatModel.swift */ = {isa = PBXFileReference; fileEncoding = 4; lastKnownFileType = sourcecode.swift; path = ObjectStatModel.swift; sourceTree = "<group>"; };
		96A8F329213F64E700DAB354 /* ArgumentsAddModel.swift */ = {isa = PBXFileReference; fileEncoding = 4; lastKnownFileType = sourcecode.swift; path = ArgumentsAddModel.swift; sourceTree = "<group>"; };
		96A8F32A213F64E700DAB354 /* ArgumentsIdModel.swift */ = {isa = PBXFileReference; fileEncoding = 4; lastKnownFileType = sourcecode.swift; path = ArgumentsIdModel.swift; sourceTree = "<group>"; };
		96A8F32B213F64E700DAB354 /* ArgumentsDnsModel.swift */ = {isa = PBXFileReference; fileEncoding = 4; lastKnownFileType = sourcecode.swift; path = ArgumentsDnsModel.swift; sourceTree = "<group>"; };
		96A8F32C213F64E700DAB354 /* ArgumentsBlockPutModel.swift */ = {isa = PBXFileReference; fileEncoding = 4; lastKnownFileType = sourcecode.swift; path = ArgumentsBlockPutModel.swift; sourceTree = "<group>"; };
		96A8F32D213F64E700DAB354 /* DiffsModel.swift */ = {isa = PBXFileReference; fileEncoding = 4; lastKnownFileType = sourcecode.swift; path = DiffsModel.swift; sourceTree = "<group>"; };
		96A8F32E213F64E700DAB354 /* ArgumentsMountModel.swift */ = {isa = PBXFileReference; fileEncoding = 4; lastKnownFileType = sourcecode.swift; path = ArgumentsMountModel.swift; sourceTree = "<group>"; };
		96A8F32F213F64E700DAB354 /* IDInfoModel.swift */ = {isa = PBXFileReference; fileEncoding = 4; lastKnownFileType = sourcecode.swift; path = IDInfoModel.swift; sourceTree = "<group>"; };
		96A8F330213F64E700DAB354 /* ResponseBitswapRmModel.swift */ = {isa = PBXFileReference; fileEncoding = 4; lastKnownFileType = sourcecode.swift; path = ResponseBitswapRmModel.swift; sourceTree = "<group>"; };
		96A8F331213F64E700DAB354 /* ArgumentsP2pListenerOpenModel.swift */ = {isa = PBXFileReference; fileEncoding = 4; lastKnownFileType = sourcecode.swift; path = ArgumentsP2pListenerOpenModel.swift; sourceTree = "<group>"; };
		96A8F332213F64E700DAB354 /* StreamsModel.swift */ = {isa = PBXFileReference; fileEncoding = 4; lastKnownFileType = sourcecode.swift; path = StreamsModel.swift; sourceTree = "<group>"; };
		96A8F333213F64E700DAB354 /* CidModel.swift */ = {isa = PBXFileReference; fileEncoding = 4; lastKnownFileType = sourcecode.swift; path = CidModel.swift; sourceTree = "<group>"; };
		96A8F334213F64E700DAB354 /* ArgumentsFilesLsModel.swift */ = {isa = PBXFileReference; fileEncoding = 4; lastKnownFileType = sourcecode.swift; path = ArgumentsFilesLsModel.swift; sourceTree = "<group>"; };
		96A8F335213F64E700DAB354 /* ArgumentsFilestoreLsModel.swift */ = {isa = PBXFileReference; fileEncoding = 4; lastKnownFileType = sourcecode.swift; path = ArgumentsFilestoreLsModel.swift; sourceTree = "<group>"; };
		96A8F336213F64E700DAB354 /* ArgumentsFilestoreVerifyModel.swift */ = {isa = PBXFileReference; fileEncoding = 4; lastKnownFileType = sourcecode.swift; path = ArgumentsFilestoreVerifyModel.swift; sourceTree = "<group>"; };
		96A8F337213F64E700DAB354 /* ResponseSwarmPeersModel.swift */ = {isa = PBXFileReference; fileEncoding = 4; lastKnownFileType = sourcecode.swift; path = ResponseSwarmPeersModel.swift; sourceTree = "<group>"; };
		96A8F338213F64E700DAB354 /* ArgumentsDhtQueryModel.swift */ = {isa = PBXFileReference; fileEncoding = 4; lastKnownFileType = sourcecode.swift; path = ArgumentsDhtQueryModel.swift; sourceTree = "<group>"; };
		96A8F339213F64E700DAB354 /* ObjectModel.swift */ = {isa = PBXFileReference; fileEncoding = 4; lastKnownFileType = sourcecode.swift; path = ObjectModel.swift; sourceTree = "<group>"; };
		96A8F33A213F64E700DAB354 /* KeypairModel.swift */ = {isa = PBXFileReference; fileEncoding = 4; lastKnownFileType = sourcecode.swift; path = KeypairModel.swift; sourceTree = "<group>"; };
		96A8F33B213F64E700DAB354 /* ArgumentsPubsubSubModel.swift */ = {isa = PBXFileReference; fileEncoding = 4; lastKnownFileType = sourcecode.swift; path = ArgumentsPubsubSubModel.swift; sourceTree = "<group>"; };
		96A8F33C213F64E700DAB354 /* ArgumentsObjectPatchRmLinkModel.swift */ = {isa = PBXFileReference; fileEncoding = 4; lastKnownFileType = sourcecode.swift; path = ArgumentsObjectPatchRmLinkModel.swift; sourceTree = "<group>"; };
		96A8F33D213F64E700DAB354 /* ArgumentsKeyGenModel.swift */ = {isa = PBXFileReference; fileEncoding = 4; lastKnownFileType = sourcecode.swift; path = ArgumentsKeyGenModel.swift; sourceTree = "<group>"; };
		96A8F33E213F64E700DAB354 /* ArgumentsNameResolveModel.swift */ = {isa = PBXFileReference; fileEncoding = 4; lastKnownFileType = sourcecode.swift; path = ArgumentsNameResolveModel.swift; sourceTree = "<group>"; };
		96A8F33F213F64E700DAB354 /* ArgumentsNamePublishModel.swift */ = {isa = PBXFileReference; fileEncoding = 4; lastKnownFileType = sourcecode.swift; path = ArgumentsNamePublishModel.swift; sourceTree = "<group>"; };
		96A8F340213F64E700DAB354 /* PinStatusModel.swift */ = {isa = PBXFileReference; fileEncoding = 4; lastKnownFileType = sourcecode.swift; path = PinStatusModel.swift; sourceTree = "<group>"; };
		96A8F341213F64E700DAB354 /* ArgumentsFilesReadModel.swift */ = {isa = PBXFileReference; fileEncoding = 4; lastKnownFileType = sourcecode.swift; path = ArgumentsFilesReadModel.swift; sourceTree = "<group>"; };
		96A8F342213F64E700DAB354 /* ArgumentsPinRmModel.swift */ = {isa = PBXFileReference; fileEncoding = 4; lastKnownFileType = sourcecode.swift; path = ArgumentsPinRmModel.swift; sourceTree = "<group>"; };
		96A8F343213F64E700DAB354 /* ArgumentsDhtProvideModel.swift */ = {isa = PBXFileReference; fileEncoding = 4; lastKnownFileType = sourcecode.swift; path = ArgumentsDhtProvideModel.swift; sourceTree = "<group>"; };
		96A8F344213F64E700DAB354 /* ResponseMessageInfoModel.swift */ = {isa = PBXFileReference; fileEncoding = 4; lastKnownFileType = sourcecode.swift; path = ResponseMessageInfoModel.swift; sourceTree = "<group>"; };
		96A8F345213F64E700DAB354 /* ArgumentsPinAddModel.swift */ = {isa = PBXFileReference; fileEncoding = 4; lastKnownFileType = sourcecode.swift; path = ArgumentsPinAddModel.swift; sourceTree = "<group>"; };
		96A8F346213F64E700DAB354 /* PinnedObjectsModel.swift */ = {isa = PBXFileReference; fileEncoding = 4; lastKnownFileType = sourcecode.swift; path = PinnedObjectsModel.swift; sourceTree = "<group>"; };
		96A8F347213F64E700DAB354 /* ArgumentsDhtFindprovsModel.swift */ = {isa = PBXFileReference; fileEncoding = 4; lastKnownFileType = sourcecode.swift; path = ArgumentsDhtFindprovsModel.swift; sourceTree = "<group>"; };
		96A8F348213F64E700DAB354 /* StreamModel.swift */ = {isa = PBXFileReference; fileEncoding = 4; lastKnownFileType = sourcecode.swift; path = StreamModel.swift; sourceTree = "<group>"; };
		96A8F349213F64E700DAB354 /* ArgumentsFilesMkdirModel.swift */ = {isa = PBXFileReference; fileEncoding = 4; lastKnownFileType = sourcecode.swift; path = ArgumentsFilesMkdirModel.swift; sourceTree = "<group>"; };
		96A8F34A213F64E700DAB354 /* ArgumentsLsModel.swift */ = {isa = PBXFileReference; fileEncoding = 4; lastKnownFileType = sourcecode.swift; path = ArgumentsLsModel.swift; sourceTree = "<group>"; };
		96A8F34B213F64E700DAB354 /* ResponsePinVerifyModel.swift */ = {isa = PBXFileReference; fileEncoding = 4; lastKnownFileType = sourcecode.swift; path = ResponsePinVerifyModel.swift; sourceTree = "<group>"; };
		96A8F34C213F64E700DAB354 /* StringsModel.swift */ = {isa = PBXFileReference; fileEncoding = 4; lastKnownFileType = sourcecode.swift; path = StringsModel.swift; sourceTree = "<group>"; };
		96A8F34D213F64E700DAB354 /* ArgumentsVersionModel.swift */ = {isa = PBXFileReference; fileEncoding = 4; lastKnownFileType = sourcecode.swift; path = ArgumentsVersionModel.swift; sourceTree = "<group>"; };
		96A8F34E213F64E700DAB354 /* PeerModel.swift */ = {isa = PBXFileReference; fileEncoding = 4; lastKnownFileType = sourcecode.swift; path = PeerModel.swift; sourceTree = "<group>"; };
		96A8F34F213F64E700DAB354 /* ArgumentsDhtPutModel.swift */ = {isa = PBXFileReference; fileEncoding = 4; lastKnownFileType = sourcecode.swift; path = ArgumentsDhtPutModel.swift; sourceTree = "<group>"; };
		96A8F350213F64E700DAB354 /* EntriesModel.swift */ = {isa = PBXFileReference; fileEncoding = 4; lastKnownFileType = sourcecode.swift; path = EntriesModel.swift; sourceTree = "<group>"; };
		96A8F351213F64E700DAB354 /* ArgumentsDhtFindpeerModel.swift */ = {isa = PBXFileReference; fileEncoding = 4; lastKnownFileType = sourcecode.swift; path = ArgumentsDhtFindpeerModel.swift; sourceTree = "<group>"; };
		96A8F352213F64E700DAB354 /* BlockModel.swift */ = {isa = PBXFileReference; fileEncoding = 4; lastKnownFileType = sourcecode.swift; path = BlockModel.swift; sourceTree = "<group>"; };
		96A8F353213F64E700DAB354 /* ArgumentsFilesWriteModel.swift */ = {isa = PBXFileReference; fileEncoding = 4; lastKnownFileType = sourcecode.swift; path = ArgumentsFilesWriteModel.swift; sourceTree = "<group>"; };
		96A8F354213F64E700DAB354 /* ArgumentsLogLevelModel.swift */ = {isa = PBXFileReference; fileEncoding = 4; lastKnownFileType = sourcecode.swift; path = ArgumentsLogLevelModel.swift; sourceTree = "<group>"; };
		96A8F355213F64E700DAB354 /* ArgumentsPingModel.swift */ = {isa = PBXFileReference; fileEncoding = 4; lastKnownFileType = sourcecode.swift; path = ArgumentsPingModel.swift; sourceTree = "<group>"; };
		96A8F356213F64E700DAB354 /* ResponseDhtModel.swift */ = {isa = PBXFileReference; fileEncoding = 4; lastKnownFileType = sourcecode.swift; path = ResponseDhtModel.swift; sourceTree = "<group>"; };
		96A8F357213F64E700DAB354 /* AddressModel.swift */ = {isa = PBXFileReference; fileEncoding = 4; lastKnownFileType = sourcecode.swift; path = AddressModel.swift; sourceTree = "<group>"; };
		96A8F358213F64E700DAB354 /* ArgumentsResolveModel.swift */ = {isa = PBXFileReference; fileEncoding = 4; lastKnownFileType = sourcecode.swift; path = ArgumentsResolveModel.swift; sourceTree = "<group>"; };
		96A8F359213F64E700DAB354 /* ArgumentsObjectLinksModel.swift */ = {isa = PBXFileReference; fileEncoding = 4; lastKnownFileType = sourcecode.swift; path = ArgumentsObjectLinksModel.swift; sourceTree = "<group>"; };
		96A8F35A213F64E700DAB354 /* ResponseRepoGcModel.swift */ = {isa = PBXFileReference; fileEncoding = 4; lastKnownFileType = sourcecode.swift; path = ResponseRepoGcModel.swift; sourceTree = "<group>"; };
		96A8F35B213F64E700DAB354 /* ResponseBitswapStatModel.swift */ = {isa = PBXFileReference; fileEncoding = 4; lastKnownFileType = sourcecode.swift; path = ResponseBitswapStatModel.swift; sourceTree = "<group>"; };
		96A8F35C213F64E700DAB354 /* ArgumentsStatsBwModel.swift */ = {isa = PBXFileReference; fileEncoding = 4; lastKnownFileType = sourcecode.swift; path = ArgumentsStatsBwModel.swift; sourceTree = "<group>"; };
		96A8F35D213F64E700DAB354 /* PinsModel.swift */ = {isa = PBXFileReference; fileEncoding = 4; lastKnownFileType = sourcecode.swift; path = PinsModel.swift; sourceTree = "<group>"; };
		96A8F35F213F64E700DAB354 /* .gitkeep */ = {isa = PBXFileReference; fileEncoding = 4; lastKnownFileType = text; path = .gitkeep; sourceTree = "<group>"; };
		96A8F3C9213F680700DAB354 /* Moya.framework */ = {isa = PBXFileReference; lastKnownFileType = wrapper.framework; name = Moya.framework; path = Carthage/Build/iOS/Moya.framework; sourceTree = "<group>"; };
/* End PBXFileReference section */

/* Begin PBXFrameworksBuildPhase section */
		96A8F2E6213F64AF00DAB354 /* Frameworks */ = {
			isa = PBXFrameworksBuildPhase;
			buildActionMask = 2147483647;
			files = (
				96A8F3CA213F680700DAB354 /* Moya.framework in Frameworks */,
			);
			runOnlyForDeploymentPostprocessing = 0;
		};
/* End PBXFrameworksBuildPhase section */

/* Begin PBXGroup section */
		96A8F2E0213F64AF00DAB354 = {
			isa = PBXGroup;
			children = (
				96A8F2EC213F64AF00DAB354 /* ios-ipfs-api */,
				96A8F2EB213F64AF00DAB354 /* Products */,
				96A8F3C8213F680600DAB354 /* Frameworks */,
			);
			sourceTree = "<group>";
		};
		96A8F2EB213F64AF00DAB354 /* Products */ = {
			isa = PBXGroup;
			children = (
				96A8F2EA213F64AF00DAB354 /* ios_ipfs_api.framework */,
			);
			name = Products;
			sourceTree = "<group>";
		};
		96A8F2EC213F64AF00DAB354 /* ios-ipfs-api */ = {
			isa = PBXGroup;
			children = (
				96A8F2ED213F64AF00DAB354 /* ios_ipfs_api.h */,
				96A8F2EE213F64AF00DAB354 /* Info.plist */,
				96A8F2F5213F64E700DAB354 /* IpfsApi */,
			);
			path = "ios-ipfs-api";
			sourceTree = "<group>";
		};
		96A8F2F5213F64E700DAB354 /* IpfsApi */ = {
			isa = PBXGroup;
			children = (
				96A8F2F6213F64E700DAB354 /* Classes */,
				96A8F35E213F64E700DAB354 /* Assets */,
			);
			path = IpfsApi;
			sourceTree = SOURCE_ROOT;
		};
		96A8F2F6213F64E700DAB354 /* Classes */ = {
			isa = PBXGroup;
			children = (
				96A8F2F7213F64E700DAB354 /* ArgumentsDhtGetModel.swift */,
				96A8F2F8213F64E700DAB354 /* IAService.swift */,
				96A8F2F9213F64E700DAB354 /* ArgumentsFilesStatModel.swift */,
				96A8F2FA213F64E700DAB354 /* ArgumentsPinLsModel.swift */,
				96A8F2FB213F64E700DAB354 /* MountModel.swift */,
				96A8F2FC213F64E700DAB354 /* ArgumentsSwarmPeersModel.swift */,
				96A8F2FD213F64E700DAB354 /* ArgumentsRepoGcModel.swift */,
				96A8F2FE213F64E700DAB354 /* CommandOptionsModel.swift */,
				96A8F2FF213F64E700DAB354 /* ReferenceModel.swift */,
				96A8F300213F64E700DAB354 /* MessageModel.swift */,
				96A8F301213F64E700DAB354 /* ArgumentsFilesMvModel.swift */,
				96A8F302213F64E700DAB354 /* ArgumentsGetModel.swift */,
				96A8F303213F64E700DAB354 /* CommandModel.swift */,
				96A8F304213F64E700DAB354 /* ArgumentsFilesCpModel.swift */,
				96A8F305213F64E700DAB354 /* ArgumentsDagPutModel.swift */,
				96A8F306213F64E700DAB354 /* LsModel.swift */,
				96A8F307213F64E700DAB354 /* ResponsePingModel.swift */,
				96A8F308213F64E700DAB354 /* ArgumentsFilesRmModel.swift */,
				96A8F309213F64E700DAB354 /* PeersModel.swift */,
				96A8F30A213F64E700DAB354 /* ArgumentsP2pListenerCloseModel.swift */,
				96A8F30B213F64E700DAB354 /* ListenersModel.swift */,
				96A8F30C213F64E700DAB354 /* FilestoreObjectModel.swift */,
				96A8F30D213F64E700DAB354 /* ArgumentsObjectPutModel.swift */,
				96A8F30E213F64E700DAB354 /* ResponseRepoVersionModel.swift */,
				96A8F30F213F64E700DAB354 /* ArgumentsKeyRenameModel.swift */,
				96A8F310213F64E700DAB354 /* ResponseRepoVerifyModel.swift */,
				96A8F311213F64E700DAB354 /* ListenerModel.swift */,
				96A8F312213F64E700DAB354 /* MessageInfoModel.swift */,
				96A8F313213F64E700DAB354 /* Ipfs.swift */,
				96A8F314213F64E700DAB354 /* ArgumentsPinUpdateModel.swift */,
				96A8F315213F64E700DAB354 /* ArgumentsPinVerifyModel.swift */,
				96A8F316213F64E700DAB354 /* KeypairsModel.swift */,
				96A8F317213F64E700DAB354 /* ArgumentsObjectDiffModel.swift */,
				96A8F318213F64E700DAB354 /* .gitkeep */,
				96A8F319213F64E700DAB354 /* ResponseVersionModel.swift */,
				96A8F31A213F64E700DAB354 /* ResponseRepoStatModel.swift */,
				96A8F31B213F64E700DAB354 /* ArgumentsP2pStreamDialModel.swift */,
				96A8F31C213F64E700DAB354 /* PathModel.swift */,
				96A8F31D213F64E700DAB354 /* KeysModel.swift */,
				96A8F31E213F64E700DAB354 /* DiffModel.swift */,
				96A8F31F213F64E700DAB354 /* ArgumentsPubsubPubModel.swift */,
				96A8F320213F64E700DAB354 /* FileLsModel.swift */,
				96A8F321213F64E700DAB354 /* ArgumentsObjectPatchAddLinkModel.swift */,
				96A8F322213F64E700DAB354 /* ArgumentsBlockRmModel.swift */,
				96A8F323213F64E700DAB354 /* IPNSModel.swift */,
				96A8F324213F64E700DAB354 /* ResponseStatsBwModel.swift */,
				96A8F325213F64E700DAB354 /* ResponseBitswapLedgerModel.swift */,
				96A8F326213F64E700DAB354 /* ArgumentsP2pStreamCloseModel.swift */,
				96A8F327213F64E700DAB354 /* ArgumentsKeyRmModel.swift */,
				96A8F328213F64E700DAB354 /* ObjectStatModel.swift */,
				96A8F329213F64E700DAB354 /* ArgumentsAddModel.swift */,
				96A8F32A213F64E700DAB354 /* ArgumentsIdModel.swift */,
				96A8F32B213F64E700DAB354 /* ArgumentsDnsModel.swift */,
				96A8F32C213F64E700DAB354 /* ArgumentsBlockPutModel.swift */,
				96A8F32D213F64E700DAB354 /* DiffsModel.swift */,
				96A8F32E213F64E700DAB354 /* ArgumentsMountModel.swift */,
				96A8F32F213F64E700DAB354 /* IDInfoModel.swift */,
				96A8F330213F64E700DAB354 /* ResponseBitswapRmModel.swift */,
				96A8F331213F64E700DAB354 /* ArgumentsP2pListenerOpenModel.swift */,
				96A8F332213F64E700DAB354 /* StreamsModel.swift */,
				96A8F333213F64E700DAB354 /* CidModel.swift */,
				96A8F334213F64E700DAB354 /* ArgumentsFilesLsModel.swift */,
				96A8F335213F64E700DAB354 /* ArgumentsFilestoreLsModel.swift */,
				96A8F336213F64E700DAB354 /* ArgumentsFilestoreVerifyModel.swift */,
				96A8F337213F64E700DAB354 /* ResponseSwarmPeersModel.swift */,
				96A8F338213F64E700DAB354 /* ArgumentsDhtQueryModel.swift */,
				96A8F339213F64E700DAB354 /* ObjectModel.swift */,
				96A8F33A213F64E700DAB354 /* KeypairModel.swift */,
				96A8F33B213F64E700DAB354 /* ArgumentsPubsubSubModel.swift */,
				96A8F33C213F64E700DAB354 /* ArgumentsObjectPatchRmLinkModel.swift */,
				96A8F33D213F64E700DAB354 /* ArgumentsKeyGenModel.swift */,
				96A8F33E213F64E700DAB354 /* ArgumentsNameResolveModel.swift */,
				96A8F33F213F64E700DAB354 /* ArgumentsNamePublishModel.swift */,
				96A8F340213F64E700DAB354 /* PinStatusModel.swift */,
				96A8F341213F64E700DAB354 /* ArgumentsFilesReadModel.swift */,
				96A8F342213F64E700DAB354 /* ArgumentsPinRmModel.swift */,
				96A8F343213F64E700DAB354 /* ArgumentsDhtProvideModel.swift */,
				96A8F344213F64E700DAB354 /* ResponseMessageInfoModel.swift */,
				96A8F345213F64E700DAB354 /* ArgumentsPinAddModel.swift */,
				96A8F346213F64E700DAB354 /* PinnedObjectsModel.swift */,
				96A8F347213F64E700DAB354 /* ArgumentsDhtFindprovsModel.swift */,
				96A8F348213F64E700DAB354 /* StreamModel.swift */,
				96A8F349213F64E700DAB354 /* ArgumentsFilesMkdirModel.swift */,
				96A8F34A213F64E700DAB354 /* ArgumentsLsModel.swift */,
				96A8F34B213F64E700DAB354 /* ResponsePinVerifyModel.swift */,
				96A8F34C213F64E700DAB354 /* StringsModel.swift */,
				96A8F34D213F64E700DAB354 /* ArgumentsVersionModel.swift */,
				96A8F34E213F64E700DAB354 /* PeerModel.swift */,
				96A8F34F213F64E700DAB354 /* ArgumentsDhtPutModel.swift */,
				96A8F350213F64E700DAB354 /* EntriesModel.swift */,
				96A8F351213F64E700DAB354 /* ArgumentsDhtFindpeerModel.swift */,
				96A8F352213F64E700DAB354 /* BlockModel.swift */,
				96A8F353213F64E700DAB354 /* ArgumentsFilesWriteModel.swift */,
				96A8F354213F64E700DAB354 /* ArgumentsLogLevelModel.swift */,
				96A8F355213F64E700DAB354 /* ArgumentsPingModel.swift */,
				96A8F356213F64E700DAB354 /* ResponseDhtModel.swift */,
				96A8F357213F64E700DAB354 /* AddressModel.swift */,
				96A8F358213F64E700DAB354 /* ArgumentsResolveModel.swift */,
				96A8F359213F64E700DAB354 /* ArgumentsObjectLinksModel.swift */,
				96A8F35A213F64E700DAB354 /* ResponseRepoGcModel.swift */,
				96A8F35B213F64E700DAB354 /* ResponseBitswapStatModel.swift */,
				96A8F35C213F64E700DAB354 /* ArgumentsStatsBwModel.swift */,
				96A8F35D213F64E700DAB354 /* PinsModel.swift */,
			);
			path = Classes;
			sourceTree = "<group>";
		};
		96A8F35E213F64E700DAB354 /* Assets */ = {
			isa = PBXGroup;
			children = (
				96A8F35F213F64E700DAB354 /* .gitkeep */,
			);
			path = Assets;
			sourceTree = "<group>";
		};
		96A8F3C8213F680600DAB354 /* Frameworks */ = {
			isa = PBXGroup;
			children = (
				96A8F3C9213F680700DAB354 /* Moya.framework */,
			);
			name = Frameworks;
			sourceTree = "<group>";
		};
/* End PBXGroup section */

/* Begin PBXHeadersBuildPhase section */
		96A8F2E7213F64AF00DAB354 /* Headers */ = {
			isa = PBXHeadersBuildPhase;
			buildActionMask = 2147483647;
			files = (
				96A8F2EF213F64AF00DAB354 /* ios_ipfs_api.h in Headers */,
			);
			runOnlyForDeploymentPostprocessing = 0;
		};
/* End PBXHeadersBuildPhase section */

/* Begin PBXNativeTarget section */
		96A8F2E9213F64AF00DAB354 /* ios-ipfs-api */ = {
			isa = PBXNativeTarget;
			buildConfigurationList = 96A8F2F2213F64AF00DAB354 /* Build configuration list for PBXNativeTarget "ios-ipfs-api" */;
			buildPhases = (
				96A8F2E5213F64AF00DAB354 /* Sources */,
				96A8F2E6213F64AF00DAB354 /* Frameworks */,
				96A8F2E7213F64AF00DAB354 /* Headers */,
				96A8F2E8213F64AF00DAB354 /* Resources */,
			);
			buildRules = (
			);
			dependencies = (
			);
			name = "ios-ipfs-api";
			productName = "ios-ipfs-api";
			productReference = 96A8F2EA213F64AF00DAB354 /* ios_ipfs_api.framework */;
			productType = "com.apple.product-type.framework";
		};
/* End PBXNativeTarget section */

/* Begin PBXProject section */
		96A8F2E1213F64AF00DAB354 /* Project object */ = {
			isa = PBXProject;
			attributes = {
				LastUpgradeCheck = 0930;
				ORGANIZATIONNAME = jaylee;
				TargetAttributes = {
					96A8F2E9213F64AF00DAB354 = {
						CreatedOnToolsVersion = 9.3;
					};
				};
			};
			buildConfigurationList = 96A8F2E4213F64AF00DAB354 /* Build configuration list for PBXProject "ios-ipfs-api" */;
			compatibilityVersion = "Xcode 9.3";
			developmentRegion = en;
			hasScannedForEncodings = 0;
			knownRegions = (
				en,
			);
			mainGroup = 96A8F2E0213F64AF00DAB354;
			productRefGroup = 96A8F2EB213F64AF00DAB354 /* Products */;
			projectDirPath = "";
			projectRoot = "";
			targets = (
				96A8F2E9213F64AF00DAB354 /* ios-ipfs-api */,
			);
		};
/* End PBXProject section */

/* Begin PBXResourcesBuildPhase section */
		96A8F2E8213F64AF00DAB354 /* Resources */ = {
			isa = PBXResourcesBuildPhase;
			buildActionMask = 2147483647;
			files = (
				96A8F381213F64E700DAB354 /* .gitkeep in Resources */,
				96A8F3C7213F64E700DAB354 /* .gitkeep in Resources */,
			);
			runOnlyForDeploymentPostprocessing = 0;
		};
/* End PBXResourcesBuildPhase section */

/* Begin PBXSourcesBuildPhase section */
		96A8F2E5213F64AF00DAB354 /* Sources */ = {
			isa = PBXSourcesBuildPhase;
			buildActionMask = 2147483647;
			files = (
				96A8F3BA213F64E700DAB354 /* ArgumentsDhtFindpeerModel.swift in Sources */,
				96A8F368213F64E700DAB354 /* ReferenceModel.swift in Sources */,
				96A8F3A8213F64E700DAB354 /* ArgumentsNamePublishModel.swift in Sources */,
				96A8F3A0213F64E700DAB354 /* ResponseSwarmPeersModel.swift in Sources */,
				96A8F386213F64E700DAB354 /* KeysModel.swift in Sources */,
				96A8F3B9213F64E700DAB354 /* EntriesModel.swift in Sources */,
				96A8F3A7213F64E700DAB354 /* ArgumentsNameResolveModel.swift in Sources */,
				96A8F38B213F64E700DAB354 /* ArgumentsBlockRmModel.swift in Sources */,
				96A8F38F213F64E700DAB354 /* ArgumentsP2pStreamCloseModel.swift in Sources */,
				96A8F396213F64E700DAB354 /* DiffsModel.swift in Sources */,
				96A8F38D213F64E700DAB354 /* ResponseStatsBwModel.swift in Sources */,
				96A8F37D213F64E700DAB354 /* ArgumentsPinUpdateModel.swift in Sources */,
				96A8F3B0213F64E700DAB354 /* ArgumentsDhtFindprovsModel.swift in Sources */,
				96A8F39D213F64E700DAB354 /* ArgumentsFilesLsModel.swift in Sources */,
				96A8F383213F64E700DAB354 /* ResponseRepoStatModel.swift in Sources */,
				96A8F391213F64E700DAB354 /* ObjectStatModel.swift in Sources */,
				96A8F3AF213F64E700DAB354 /* PinnedObjectsModel.swift in Sources */,
				96A8F379213F64E700DAB354 /* ResponseRepoVerifyModel.swift in Sources */,
				96A8F393213F64E700DAB354 /* ArgumentsIdModel.swift in Sources */,
				96A8F3C4213F64E700DAB354 /* ResponseBitswapStatModel.swift in Sources */,
				96A8F3B1213F64E700DAB354 /* StreamModel.swift in Sources */,
				96A8F36B213F64E700DAB354 /* ArgumentsGetModel.swift in Sources */,
				96A8F3A4213F64E700DAB354 /* ArgumentsPubsubSubModel.swift in Sources */,
				96A8F384213F64E700DAB354 /* ArgumentsP2pStreamDialModel.swift in Sources */,
				96A8F36E213F64E700DAB354 /* ArgumentsDagPutModel.swift in Sources */,
				96A8F3AB213F64E700DAB354 /* ArgumentsPinRmModel.swift in Sources */,
				96A8F38C213F64E700DAB354 /* IPNSModel.swift in Sources */,
				96A8F3B3213F64E700DAB354 /* ArgumentsLsModel.swift in Sources */,
				96A8F372213F64E700DAB354 /* PeersModel.swift in Sources */,
				96A8F367213F64E700DAB354 /* CommandOptionsModel.swift in Sources */,
				96A8F380213F64E700DAB354 /* ArgumentsObjectDiffModel.swift in Sources */,
				96A8F39B213F64E700DAB354 /* StreamsModel.swift in Sources */,
				96A8F3B2213F64E700DAB354 /* ArgumentsFilesMkdirModel.swift in Sources */,
				96A8F37F213F64E700DAB354 /* KeypairsModel.swift in Sources */,
				96A8F39F213F64E700DAB354 /* ArgumentsFilestoreVerifyModel.swift in Sources */,
				96A8F3C5213F64E700DAB354 /* ArgumentsStatsBwModel.swift in Sources */,
				96A8F37C213F64E700DAB354 /* Ipfs.swift in Sources */,
				96A8F37E213F64E700DAB354 /* ArgumentsPinVerifyModel.swift in Sources */,
				96A8F362213F64E700DAB354 /* ArgumentsFilesStatModel.swift in Sources */,
				96A8F374213F64E700DAB354 /* ListenersModel.swift in Sources */,
				96A8F363213F64E700DAB354 /* ArgumentsPinLsModel.swift in Sources */,
				96A8F3B8213F64E700DAB354 /* ArgumentsDhtPutModel.swift in Sources */,
				96A8F36D213F64E700DAB354 /* ArgumentsFilesCpModel.swift in Sources */,
				96A8F376213F64E700DAB354 /* ArgumentsObjectPutModel.swift in Sources */,
				96A8F371213F64E700DAB354 /* ArgumentsFilesRmModel.swift in Sources */,
				96A8F3B7213F64E700DAB354 /* PeerModel.swift in Sources */,
				96A8F36C213F64E700DAB354 /* CommandModel.swift in Sources */,
				96A8F3A9213F64E700DAB354 /* PinStatusModel.swift in Sources */,
				96A8F3BC213F64E700DAB354 /* ArgumentsFilesWriteModel.swift in Sources */,
				96A8F385213F64E700DAB354 /* PathModel.swift in Sources */,
				96A8F3B5213F64E700DAB354 /* StringsModel.swift in Sources */,
				96A8F3A3213F64E700DAB354 /* KeypairModel.swift in Sources */,
				96A8F36F213F64E700DAB354 /* LsModel.swift in Sources */,
				96A8F398213F64E700DAB354 /* IDInfoModel.swift in Sources */,
				96A8F39A213F64E700DAB354 /* ArgumentsP2pListenerOpenModel.swift in Sources */,
				96A8F3B4213F64E700DAB354 /* ResponsePinVerifyModel.swift in Sources */,
				96A8F395213F64E700DAB354 /* ArgumentsBlockPutModel.swift in Sources */,
				96A8F364213F64E700DAB354 /* MountModel.swift in Sources */,
				96A8F3BB213F64E700DAB354 /* BlockModel.swift in Sources */,
				96A8F3C2213F64E700DAB354 /* ArgumentsObjectLinksModel.swift in Sources */,
				96A8F373213F64E700DAB354 /* ArgumentsP2pListenerCloseModel.swift in Sources */,
				96A8F3C6213F64E700DAB354 /* PinsModel.swift in Sources */,
				96A8F397213F64E700DAB354 /* ArgumentsMountModel.swift in Sources */,
				96A8F392213F64E700DAB354 /* ArgumentsAddModel.swift in Sources */,
				96A8F3AA213F64E700DAB354 /* ArgumentsFilesReadModel.swift in Sources */,
				96A8F39C213F64E700DAB354 /* CidModel.swift in Sources */,
				96A8F399213F64E700DAB354 /* ResponseBitswapRmModel.swift in Sources */,
				96A8F39E213F64E700DAB354 /* ArgumentsFilestoreLsModel.swift in Sources */,
				96A8F38E213F64E700DAB354 /* ResponseBitswapLedgerModel.swift in Sources */,
				96A8F3B6213F64E700DAB354 /* ArgumentsVersionModel.swift in Sources */,
				96A8F369213F64E700DAB354 /* MessageModel.swift in Sources */,
				96A8F3AD213F64E700DAB354 /* ResponseMessageInfoModel.swift in Sources */,
				96A8F3C0213F64E700DAB354 /* AddressModel.swift in Sources */,
				96A8F3A2213F64E700DAB354 /* ObjectModel.swift in Sources */,
				96A8F3A6213F64E700DAB354 /* ArgumentsKeyGenModel.swift in Sources */,
				96A8F387213F64E700DAB354 /* DiffModel.swift in Sources */,
				96A8F360213F64E700DAB354 /* ArgumentsDhtGetModel.swift in Sources */,
				96A8F3BE213F64E700DAB354 /* ArgumentsPingModel.swift in Sources */,
				96A8F3BF213F64E700DAB354 /* ResponseDhtModel.swift in Sources */,
				96A8F37A213F64E700DAB354 /* ListenerModel.swift in Sources */,
				96A8F36A213F64E700DAB354 /* ArgumentsFilesMvModel.swift in Sources */,
				96A8F390213F64E700DAB354 /* ArgumentsKeyRmModel.swift in Sources */,
				96A8F366213F64E700DAB354 /* ArgumentsRepoGcModel.swift in Sources */,
				96A8F3BD213F64E700DAB354 /* ArgumentsLogLevelModel.swift in Sources */,
				96A8F3AE213F64E700DAB354 /* ArgumentsPinAddModel.swift in Sources */,
				96A8F388213F64E700DAB354 /* ArgumentsPubsubPubModel.swift in Sources */,
				96A8F361213F64E700DAB354 /* IAService.swift in Sources */,
				96A8F389213F64E700DAB354 /* FileLsModel.swift in Sources */,
				96A8F365213F64E700DAB354 /* ArgumentsSwarmPeersModel.swift in Sources */,
				96A8F3AC213F64E700DAB354 /* ArgumentsDhtProvideModel.swift in Sources */,
				96A8F3C3213F64E700DAB354 /* ResponseRepoGcModel.swift in Sources */,
				96A8F3A1213F64E700DAB354 /* ArgumentsDhtQueryModel.swift in Sources */,
				96A8F3C1213F64E700DAB354 /* ArgumentsResolveModel.swift in Sources */,
				96A8F37B213F64E700DAB354 /* MessageInfoModel.swift in Sources */,
				96A8F382213F64E700DAB354 /* ResponseVersionModel.swift in Sources */,
				96A8F394213F64E700DAB354 /* ArgumentsDnsModel.swift in Sources */,
				96A8F3A5213F64E700DAB354 /* ArgumentsObjectPatchRmLinkModel.swift in Sources */,
				96A8F377213F64E700DAB354 /* ResponseRepoVersionModel.swift in Sources */,
				96A8F378213F64E700DAB354 /* ArgumentsKeyRenameModel.swift in Sources */,
				96A8F375213F64E700DAB354 /* FilestoreObjectModel.swift in Sources */,
				96A8F38A213F64E700DAB354 /* ArgumentsObjectPatchAddLinkModel.swift in Sources */,
				96A8F370213F64E700DAB354 /* ResponsePingModel.swift in Sources */,
			);
			runOnlyForDeploymentPostprocessing = 0;
		};
/* End PBXSourcesBuildPhase section */

/* Begin XCBuildConfiguration section */
		96A8F2F0213F64AF00DAB354 /* Debug */ = {
			isa = XCBuildConfiguration;
			buildSettings = {
				ALWAYS_SEARCH_USER_PATHS = NO;
				CLANG_ANALYZER_NONNULL = YES;
				CLANG_ANALYZER_NUMBER_OBJECT_CONVERSION = YES_AGGRESSIVE;
				CLANG_CXX_LANGUAGE_STANDARD = "gnu++14";
				CLANG_CXX_LIBRARY = "libc++";
				CLANG_ENABLE_MODULES = YES;
				CLANG_ENABLE_OBJC_ARC = YES;
				CLANG_ENABLE_OBJC_WEAK = YES;
				CLANG_WARN_BLOCK_CAPTURE_AUTORELEASING = YES;
				CLANG_WARN_BOOL_CONVERSION = YES;
				CLANG_WARN_COMMA = YES;
				CLANG_WARN_CONSTANT_CONVERSION = YES;
				CLANG_WARN_DEPRECATED_OBJC_IMPLEMENTATIONS = YES;
				CLANG_WARN_DIRECT_OBJC_ISA_USAGE = YES_ERROR;
				CLANG_WARN_DOCUMENTATION_COMMENTS = YES;
				CLANG_WARN_EMPTY_BODY = YES;
				CLANG_WARN_ENUM_CONVERSION = YES;
				CLANG_WARN_INFINITE_RECURSION = YES;
				CLANG_WARN_INT_CONVERSION = YES;
				CLANG_WARN_NON_LITERAL_NULL_CONVERSION = YES;
				CLANG_WARN_OBJC_IMPLICIT_RETAIN_SELF = YES;
				CLANG_WARN_OBJC_LITERAL_CONVERSION = YES;
				CLANG_WARN_OBJC_ROOT_CLASS = YES_ERROR;
				CLANG_WARN_RANGE_LOOP_ANALYSIS = YES;
				CLANG_WARN_STRICT_PROTOTYPES = YES;
				CLANG_WARN_SUSPICIOUS_MOVE = YES;
				CLANG_WARN_UNGUARDED_AVAILABILITY = YES_AGGRESSIVE;
				CLANG_WARN_UNREACHABLE_CODE = YES;
				CLANG_WARN__DUPLICATE_METHOD_MATCH = YES;
				CODE_SIGN_IDENTITY = "iPhone Developer";
				COPY_PHASE_STRIP = NO;
				CURRENT_PROJECT_VERSION = 1;
				DEBUG_INFORMATION_FORMAT = dwarf;
				ENABLE_STRICT_OBJC_MSGSEND = YES;
				ENABLE_TESTABILITY = YES;
				GCC_C_LANGUAGE_STANDARD = gnu11;
				GCC_DYNAMIC_NO_PIC = NO;
				GCC_NO_COMMON_BLOCKS = YES;
				GCC_OPTIMIZATION_LEVEL = 0;
				GCC_PREPROCESSOR_DEFINITIONS = (
					"DEBUG=1",
					"$(inherited)",
				);
				GCC_WARN_64_TO_32_BIT_CONVERSION = YES;
				GCC_WARN_ABOUT_RETURN_TYPE = YES_ERROR;
				GCC_WARN_UNDECLARED_SELECTOR = YES;
				GCC_WARN_UNINITIALIZED_AUTOS = YES_AGGRESSIVE;
				GCC_WARN_UNUSED_FUNCTION = YES;
				GCC_WARN_UNUSED_VARIABLE = YES;
				IPHONEOS_DEPLOYMENT_TARGET = 11.3;
				MTL_ENABLE_DEBUG_INFO = YES;
				ONLY_ACTIVE_ARCH = YES;
				SDKROOT = iphoneos;
				SWIFT_ACTIVE_COMPILATION_CONDITIONS = DEBUG;
				SWIFT_OPTIMIZATION_LEVEL = "-Onone";
				VERSIONING_SYSTEM = "apple-generic";
				VERSION_INFO_PREFIX = "";
			};
			name = Debug;
		};
		96A8F2F1213F64AF00DAB354 /* Release */ = {
			isa = XCBuildConfiguration;
			buildSettings = {
				ALWAYS_SEARCH_USER_PATHS = NO;
				CLANG_ANALYZER_NONNULL = YES;
				CLANG_ANALYZER_NUMBER_OBJECT_CONVERSION = YES_AGGRESSIVE;
				CLANG_CXX_LANGUAGE_STANDARD = "gnu++14";
				CLANG_CXX_LIBRARY = "libc++";
				CLANG_ENABLE_MODULES = YES;
				CLANG_ENABLE_OBJC_ARC = YES;
				CLANG_ENABLE_OBJC_WEAK = YES;
				CLANG_WARN_BLOCK_CAPTURE_AUTORELEASING = YES;
				CLANG_WARN_BOOL_CONVERSION = YES;
				CLANG_WARN_COMMA = YES;
				CLANG_WARN_CONSTANT_CONVERSION = YES;
				CLANG_WARN_DEPRECATED_OBJC_IMPLEMENTATIONS = YES;
				CLANG_WARN_DIRECT_OBJC_ISA_USAGE = YES_ERROR;
				CLANG_WARN_DOCUMENTATION_COMMENTS = YES;
				CLANG_WARN_EMPTY_BODY = YES;
				CLANG_WARN_ENUM_CONVERSION = YES;
				CLANG_WARN_INFINITE_RECURSION = YES;
				CLANG_WARN_INT_CONVERSION = YES;
				CLANG_WARN_NON_LITERAL_NULL_CONVERSION = YES;
				CLANG_WARN_OBJC_IMPLICIT_RETAIN_SELF = YES;
				CLANG_WARN_OBJC_LITERAL_CONVERSION = YES;
				CLANG_WARN_OBJC_ROOT_CLASS = YES_ERROR;
				CLANG_WARN_RANGE_LOOP_ANALYSIS = YES;
				CLANG_WARN_STRICT_PROTOTYPES = YES;
				CLANG_WARN_SUSPICIOUS_MOVE = YES;
				CLANG_WARN_UNGUARDED_AVAILABILITY = YES_AGGRESSIVE;
				CLANG_WARN_UNREACHABLE_CODE = YES;
				CLANG_WARN__DUPLICATE_METHOD_MATCH = YES;
				CODE_SIGN_IDENTITY = "iPhone Developer";
				COPY_PHASE_STRIP = NO;
				CURRENT_PROJECT_VERSION = 1;
				DEBUG_INFORMATION_FORMAT = "dwarf-with-dsym";
				ENABLE_NS_ASSERTIONS = NO;
				ENABLE_STRICT_OBJC_MSGSEND = YES;
				GCC_C_LANGUAGE_STANDARD = gnu11;
				GCC_NO_COMMON_BLOCKS = YES;
				GCC_WARN_64_TO_32_BIT_CONVERSION = YES;
				GCC_WARN_ABOUT_RETURN_TYPE = YES_ERROR;
				GCC_WARN_UNDECLARED_SELECTOR = YES;
				GCC_WARN_UNINITIALIZED_AUTOS = YES_AGGRESSIVE;
				GCC_WARN_UNUSED_FUNCTION = YES;
				GCC_WARN_UNUSED_VARIABLE = YES;
				IPHONEOS_DEPLOYMENT_TARGET = 11.3;
				MTL_ENABLE_DEBUG_INFO = NO;
				SDKROOT = iphoneos;
				SWIFT_COMPILATION_MODE = wholemodule;
				SWIFT_OPTIMIZATION_LEVEL = "-O";
				VALIDATE_PRODUCT = YES;
				VERSIONING_SYSTEM = "apple-generic";
				VERSION_INFO_PREFIX = "";
			};
			name = Release;
		};
		96A8F2F3213F64AF00DAB354 /* Debug */ = {
			isa = XCBuildConfiguration;
			buildSettings = {
				CODE_SIGN_IDENTITY = "";
				CODE_SIGN_STYLE = Automatic;
				DEFINES_MODULE = YES;
				DEVELOPMENT_TEAM = 45WU468FZE;
				DYLIB_COMPATIBILITY_VERSION = 1;
				DYLIB_CURRENT_VERSION = 1;
				DYLIB_INSTALL_NAME_BASE = "@rpath";
				FRAMEWORK_SEARCH_PATHS = (
					"$(inherited)",
					"$(PROJECT_DIR)/Carthage/Build/iOS",
				);
				INFOPLIST_FILE = "ios-ipfs-api/Info.plist";
				INSTALL_PATH = "$(LOCAL_LIBRARY_DIR)/Frameworks";
				LD_RUNPATH_SEARCH_PATHS = (
					"$(inherited)",
					"@executable_path/Frameworks",
					"@loader_path/Frameworks",
				);
				PRODUCT_BUNDLE_IDENTIFIER = "com.pipln.ios-ipfs-api";
				PRODUCT_NAME = "$(TARGET_NAME:c99extidentifier)";
				SKIP_INSTALL = YES;
				SWIFT_VERSION = 4.0;
				TARGETED_DEVICE_FAMILY = "1,2";
			};
			name = Debug;
		};
		96A8F2F4213F64AF00DAB354 /* Release */ = {
			isa = XCBuildConfiguration;
			buildSettings = {
				CODE_SIGN_IDENTITY = "";
				CODE_SIGN_STYLE = Automatic;
				DEFINES_MODULE = YES;
				DEVELOPMENT_TEAM = 45WU468FZE;
				DYLIB_COMPATIBILITY_VERSION = 1;
				DYLIB_CURRENT_VERSION = 1;
				DYLIB_INSTALL_NAME_BASE = "@rpath";
				FRAMEWORK_SEARCH_PATHS = (
					"$(inherited)",
					"$(PROJECT_DIR)/Carthage/Build/iOS",
				);
				INFOPLIST_FILE = "ios-ipfs-api/Info.plist";
				INSTALL_PATH = "$(LOCAL_LIBRARY_DIR)/Frameworks";
				LD_RUNPATH_SEARCH_PATHS = (
					"$(inherited)",
					"@executable_path/Frameworks",
					"@loader_path/Frameworks",
				);
				PRODUCT_BUNDLE_IDENTIFIER = "com.pipln.ios-ipfs-api";
				PRODUCT_NAME = "$(TARGET_NAME:c99extidentifier)";
				SKIP_INSTALL = YES;
				SWIFT_VERSION = 4.0;
				TARGETED_DEVICE_FAMILY = "1,2";
			};
			name = Release;
		};
/* End XCBuildConfiguration section */

/* Begin XCConfigurationList section */
		96A8F2E4213F64AF00DAB354 /* Build configuration list for PBXProject "ios-ipfs-api" */ = {
			isa = XCConfigurationList;
			buildConfigurations = (
				96A8F2F0213F64AF00DAB354 /* Debug */,
				96A8F2F1213F64AF00DAB354 /* Release */,
			);
			defaultConfigurationIsVisible = 0;
			defaultConfigurationName = Release;
		};
		96A8F2F2213F64AF00DAB354 /* Build configuration list for PBXNativeTarget "ios-ipfs-api" */ = {
			isa = XCConfigurationList;
			buildConfigurations = (
				96A8F2F3213F64AF00DAB354 /* Debug */,
				96A8F2F4213F64AF00DAB354 /* Release */,
			);
			defaultConfigurationIsVisible = 0;
			defaultConfigurationName = Release;
		};
/* End XCConfigurationList section */
	};
	rootObject = 96A8F2E1213F64AF00DAB354 /* Project object */;
}
